// !$*UTF8*$!
{
	archiveVersion = 1;
	classes = {
	};
	objectVersion = 55;
	objects = {

/* Begin PBXBuildFile section */
		BB341FA22A0A819A0032D048 /* TabBar.swift in Sources */ = {isa = PBXBuildFile; fileRef = BB341FA12A0A819A0032D048 /* TabBar.swift */; };
		BB341FA52A0A82FB0032D048 /* RecipeModel.swift in Sources */ = {isa = PBXBuildFile; fileRef = BB341FA42A0A82FB0032D048 /* RecipeModel.swift */; };
		BB341FA72A0A8ED10032D048 /* RecipeList.swift in Sources */ = {isa = PBXBuildFile; fileRef = BB341FA62A0A8ED10032D048 /* RecipeList.swift */; };
		BB37DEAB2A7A5D9300F07FED /* CoreDataTestCase.swift in Sources */ = {isa = PBXBuildFile; fileRef = BB37DEAA2A7A5D9300F07FED /* CoreDataTestCase.swift */; };
		BB37DEAD2A7BBCBA00F07FED /* CoreDataTestStack.swift in Sources */ = {isa = PBXBuildFile; fileRef = BB37DEAC2A7BBCBA00F07FED /* CoreDataTestStack.swift */; };
		BB4533DA2A3B3137007C9422 /* APIKey.swift in Sources */ = {isa = PBXBuildFile; fileRef = BB4533D92A3B3137007C9422 /* APIKey.swift */; };
		BB6AFAA62A09B5C20025742D /* RecipeCard.swift in Sources */ = {isa = PBXBuildFile; fileRef = BB6AFAA52A09B5C20025742D /* RecipeCard.swift */; };
		BB8B2A1D2A152FFA00B2A096 /* Reciplease.xcdatamodeld in Sources */ = {isa = PBXBuildFile; fileRef = BB8B2A1B2A152FF900B2A096 /* Reciplease.xcdatamodeld */; };
		BB8B2A1F2A15356E00B2A096 /* DataController.swift in Sources */ = {isa = PBXBuildFile; fileRef = BB8B2A1E2A15356E00B2A096 /* DataController.swift */; };
		BB92520C2A54A6F0003F61C2 /* RecipeService.swift in Sources */ = {isa = PBXBuildFile; fileRef = BB92520B2A54A6F0003F61C2 /* RecipeService.swift */; };
		BB9252122A54A7BB003F61C2 /* XCTest.framework in Frameworks */ = {isa = PBXBuildFile; fileRef = BB9252112A54A7BB003F61C2 /* XCTest.framework */; platformFilter = ios; };
		BBA326AE29E6EB6D00E34018 /* RecipiesListView.swift in Sources */ = {isa = PBXBuildFile; fileRef = BBA326AD29E6EB6D00E34018 /* RecipiesListView.swift */; };
		BBB8D38E29E6030E008C8442 /* RecipleaseApp.swift in Sources */ = {isa = PBXBuildFile; fileRef = BBB8D38D29E6030E008C8442 /* RecipleaseApp.swift */; };
		BBB8D39029E6030E008C8442 /* ContentView.swift in Sources */ = {isa = PBXBuildFile; fileRef = BBB8D38F29E6030E008C8442 /* ContentView.swift */; };
		BBB8D39229E6030F008C8442 /* Assets.xcassets in Resources */ = {isa = PBXBuildFile; fileRef = BBB8D39129E6030F008C8442 /* Assets.xcassets */; };
		BBB8D39529E6030F008C8442 /* Preview Assets.xcassets in Resources */ = {isa = PBXBuildFile; fileRef = BBB8D39429E6030F008C8442 /* Preview Assets.xcassets */; };
		BBB8D39C29E60451008C8442 /* FavoritesView.swift in Sources */ = {isa = PBXBuildFile; fileRef = BBB8D39B29E60451008C8442 /* FavoritesView.swift */; };
		BBB8D39E29E605AD008C8442 /* SearchView.swift in Sources */ = {isa = PBXBuildFile; fileRef = BBB8D39D29E605AD008C8442 /* SearchView.swift */; };
		BBBBFC622A79919500C27D1F /* MockURLProtocol.swift in Sources */ = {isa = PBXBuildFile; fileRef = BBBBFC612A79919500C27D1F /* MockURLProtocol.swift */; };
		BBC3F2D52A0D0CB6004FAD67 /* RecipeView.swift in Sources */ = {isa = PBXBuildFile; fileRef = BBC3F2D42A0D0CB6004FAD67 /* RecipeView.swift */; };
		BBF3E0722A5043AC003EB0F7 /* ApiTestCase.swift in Sources */ = {isa = PBXBuildFile; fileRef = BBF3E0712A5043AC003EB0F7 /* ApiTestCase.swift */; };
		BBF3E0742A5048FF003EB0F7 /* SearchTestCase.swift in Sources */ = {isa = PBXBuildFile; fileRef = BBF3E0732A5048FF003EB0F7 /* SearchTestCase.swift */; };
		BBF96B8129F0453900FCB40B /* SearchView-ViewModel.swift in Sources */ = {isa = PBXBuildFile; fileRef = BBF96B8029F0453900FCB40B /* SearchView-ViewModel.swift */; };
/* End PBXBuildFile section */

/* Begin PBXContainerItemProxy section */
		BBBD7BFF2A4F2833004008E2 /* PBXContainerItemProxy */ = {
			isa = PBXContainerItemProxy;
			containerPortal = BBB8D38229E6030E008C8442 /* Project object */;
			proxyType = 1;
			remoteGlobalIDString = BBB8D38929E6030E008C8442;
			remoteInfo = Reciplease;
		};
/* End PBXContainerItemProxy section */

/* Begin PBXFileReference section */
		BB341FA12A0A819A0032D048 /* TabBar.swift */ = {isa = PBXFileReference; lastKnownFileType = sourcecode.swift; path = TabBar.swift; sourceTree = "<group>"; };
		BB341FA42A0A82FB0032D048 /* RecipeModel.swift */ = {isa = PBXFileReference; lastKnownFileType = sourcecode.swift; path = RecipeModel.swift; sourceTree = "<group>"; };
		BB341FA62A0A8ED10032D048 /* RecipeList.swift */ = {isa = PBXFileReference; lastKnownFileType = sourcecode.swift; path = RecipeList.swift; sourceTree = "<group>"; };
		BB37DEAA2A7A5D9300F07FED /* CoreDataTestCase.swift */ = {isa = PBXFileReference; lastKnownFileType = sourcecode.swift; path = CoreDataTestCase.swift; sourceTree = "<group>"; };
		BB37DEAC2A7BBCBA00F07FED /* CoreDataTestStack.swift */ = {isa = PBXFileReference; lastKnownFileType = sourcecode.swift; path = CoreDataTestStack.swift; sourceTree = "<group>"; };
		BB4533D92A3B3137007C9422 /* APIKey.swift */ = {isa = PBXFileReference; lastKnownFileType = sourcecode.swift; path = APIKey.swift; sourceTree = "<group>"; };
		BB6AFAA52A09B5C20025742D /* RecipeCard.swift */ = {isa = PBXFileReference; lastKnownFileType = sourcecode.swift; path = RecipeCard.swift; sourceTree = "<group>"; };
		BB8B2A1C2A152FF900B2A096 /* Reciplease.xcdatamodel */ = {isa = PBXFileReference; lastKnownFileType = wrapper.xcdatamodel; path = Reciplease.xcdatamodel; sourceTree = "<group>"; };
		BB8B2A1E2A15356E00B2A096 /* DataController.swift */ = {isa = PBXFileReference; lastKnownFileType = sourcecode.swift; path = DataController.swift; sourceTree = "<group>"; };
		BB921C2E2A39FA4A00857F94 /* Reciplease.app */ = {isa = PBXFileReference; explicitFileType = wrapper.application; includeInIndex = 0; path = Reciplease.app; sourceTree = BUILT_PRODUCTS_DIR; };
		BB92520B2A54A6F0003F61C2 /* RecipeService.swift */ = {isa = PBXFileReference; lastKnownFileType = sourcecode.swift; path = RecipeService.swift; sourceTree = "<group>"; };
		BB9252112A54A7BB003F61C2 /* XCTest.framework */ = {isa = PBXFileReference; lastKnownFileType = wrapper.framework; name = XCTest.framework; path = Platforms/iPhoneOS.platform/Developer/Library/Frameworks/XCTest.framework; sourceTree = DEVELOPER_DIR; };
		BBA326AD29E6EB6D00E34018 /* RecipiesListView.swift */ = {isa = PBXFileReference; lastKnownFileType = sourcecode.swift; path = RecipiesListView.swift; sourceTree = "<group>"; };
		BBB8D38D29E6030E008C8442 /* RecipleaseApp.swift */ = {isa = PBXFileReference; lastKnownFileType = sourcecode.swift; path = RecipleaseApp.swift; sourceTree = "<group>"; };
		BBB8D38F29E6030E008C8442 /* ContentView.swift */ = {isa = PBXFileReference; lastKnownFileType = sourcecode.swift; path = ContentView.swift; sourceTree = "<group>"; };
		BBB8D39129E6030F008C8442 /* Assets.xcassets */ = {isa = PBXFileReference; lastKnownFileType = folder.assetcatalog; path = Assets.xcassets; sourceTree = "<group>"; };
		BBB8D39429E6030F008C8442 /* Preview Assets.xcassets */ = {isa = PBXFileReference; lastKnownFileType = folder.assetcatalog; path = "Preview Assets.xcassets"; sourceTree = "<group>"; };
		BBB8D39B29E60451008C8442 /* FavoritesView.swift */ = {isa = PBXFileReference; lastKnownFileType = sourcecode.swift; path = FavoritesView.swift; sourceTree = "<group>"; };
		BBB8D39D29E605AD008C8442 /* SearchView.swift */ = {isa = PBXFileReference; lastKnownFileType = sourcecode.swift; path = SearchView.swift; sourceTree = "<group>"; };
		BBBBFC612A79919500C27D1F /* MockURLProtocol.swift */ = {isa = PBXFileReference; lastKnownFileType = sourcecode.swift; path = MockURLProtocol.swift; sourceTree = "<group>"; };
		BBBBFC632A79921600C27D1F /* Reciplease.xctestplan */ = {isa = PBXFileReference; lastKnownFileType = text; path = Reciplease.xctestplan; sourceTree = "<group>"; };
		BBBD7BFB2A4F2833004008E2 /* RecipleaseTests.xctest */ = {isa = PBXFileReference; explicitFileType = wrapper.cfbundle; includeInIndex = 0; path = RecipleaseTests.xctest; sourceTree = BUILT_PRODUCTS_DIR; };
		BBC3F2D42A0D0CB6004FAD67 /* RecipeView.swift */ = {isa = PBXFileReference; lastKnownFileType = sourcecode.swift; path = RecipeView.swift; sourceTree = "<group>"; };
		BBF3E0712A5043AC003EB0F7 /* ApiTestCase.swift */ = {isa = PBXFileReference; lastKnownFileType = sourcecode.swift; path = ApiTestCase.swift; sourceTree = "<group>"; };
		BBF3E0732A5048FF003EB0F7 /* SearchTestCase.swift */ = {isa = PBXFileReference; lastKnownFileType = sourcecode.swift; path = SearchTestCase.swift; sourceTree = "<group>"; };
		BBF96B8029F0453900FCB40B /* SearchView-ViewModel.swift */ = {isa = PBXFileReference; lastKnownFileType = sourcecode.swift; path = "SearchView-ViewModel.swift"; sourceTree = "<group>"; };
/* End PBXFileReference section */

/* Begin PBXFrameworksBuildPhase section */
		BBB8D38729E6030E008C8442 /* Frameworks */ = {
			isa = PBXFrameworksBuildPhase;
			buildActionMask = 2147483647;
			files = (
			);
			runOnlyForDeploymentPostprocessing = 0;
		};
		BBBD7BF82A4F2833004008E2 /* Frameworks */ = {
			isa = PBXFrameworksBuildPhase;
			buildActionMask = 2147483647;
			files = (
				BB9252122A54A7BB003F61C2 /* XCTest.framework in Frameworks */,
			);
			runOnlyForDeploymentPostprocessing = 0;
		};
/* End PBXFrameworksBuildPhase section */

/* Begin PBXGroup section */
		BB341FA32A0A81D70032D048 /* Main */ = {
			isa = PBXGroup;
			children = (
				BBB8D39B29E60451008C8442 /* FavoritesView.swift */,
				BBB8D38F29E6030E008C8442 /* ContentView.swift */,
				BBB8D39D29E605AD008C8442 /* SearchView.swift */,
				BBA326AD29E6EB6D00E34018 /* RecipiesListView.swift */,
				BB341FA12A0A819A0032D048 /* TabBar.swift */,
				BBC3F2D42A0D0CB6004FAD67 /* RecipeView.swift */,
			);
			path = Main;
			sourceTree = "<group>";
		};
		BB5954232A827C5700197D90 /* Components */ = {
			isa = PBXGroup;
			children = (
				BBBBFC612A79919500C27D1F /* MockURLProtocol.swift */,
				BB37DEAC2A7BBCBA00F07FED /* CoreDataTestStack.swift */,
			);
			path = Components;
			sourceTree = "<group>";
		};
		BB6AFAA42A09B5A30025742D /* Components */ = {
			isa = PBXGroup;
			children = (
				BB341FA62A0A8ED10032D048 /* RecipeList.swift */,
				BB6AFAA52A09B5C20025742D /* RecipeCard.swift */,
			);
			path = Components;
			sourceTree = "<group>";
		};
		BB8B2A1A2A152FDA00B2A096 /* Data */ = {
			isa = PBXGroup;
			children = (
				BB8B2A1E2A15356E00B2A096 /* DataController.swift */,
				BB8B2A1B2A152FF900B2A096 /* Reciplease.xcdatamodeld */,
			);
			path = Data;
			sourceTree = "<group>";
		};
		BB9252102A54A7BB003F61C2 /* Frameworks */ = {
			isa = PBXGroup;
			children = (
				BB9252112A54A7BB003F61C2 /* XCTest.framework */,
			);
			name = Frameworks;
			sourceTree = "<group>";
		};
		BBA326AF29E6EBFF00E34018 /* Views */ = {
			isa = PBXGroup;
			children = (
				BB341FA32A0A81D70032D048 /* Main */,
				BB6AFAA42A09B5A30025742D /* Components */,
			);
			path = Views;
			sourceTree = "<group>";
		};
		BBB8D38129E6030E008C8442 = {
			isa = PBXGroup;
			children = (
				BBBBFC632A79921600C27D1F /* Reciplease.xctestplan */,
				BBB8D38C29E6030E008C8442 /* Reciplease */,
				BB921C2E2A39FA4A00857F94 /* Reciplease.app */,
				BBBD7BFB2A4F2833004008E2 /* RecipleaseTests.xctest */,
				BBBD7BFC2A4F2833004008E2 /* RecipleaseTests */,
				BB9252102A54A7BB003F61C2 /* Frameworks */,
			);
			sourceTree = "<group>";
		};
		BBB8D38C29E6030E008C8442 /* Reciplease */ = {
			isa = PBXGroup;
			children = (
				BBB8D38D29E6030E008C8442 /* RecipleaseApp.swift */,
				BBA326AF29E6EBFF00E34018 /* Views */,
				BBBB9A3C2A042701000A9385 /* Model */,
				BBBB9A3B2A0426E7000A9385 /* ViewModel */,
				BB8B2A1A2A152FDA00B2A096 /* Data */,
				BBB8D39129E6030F008C8442 /* Assets.xcassets */,
				BBB8D39329E6030F008C8442 /* Preview Content */,
			);
			path = Reciplease;
			sourceTree = "<group>";
		};
		BBB8D39329E6030F008C8442 /* Preview Content */ = {
			isa = PBXGroup;
			children = (
				BBB8D39429E6030F008C8442 /* Preview Assets.xcassets */,
			);
			path = "Preview Content";
			sourceTree = "<group>";
		};
		BBBB9A3B2A0426E7000A9385 /* ViewModel */ = {
			isa = PBXGroup;
			children = (
				BBF96B8029F0453900FCB40B /* SearchView-ViewModel.swift */,
			);
			path = ViewModel;
			sourceTree = "<group>";
		};
		BBBB9A3C2A042701000A9385 /* Model */ = {
			isa = PBXGroup;
			children = (
				BB341FA42A0A82FB0032D048 /* RecipeModel.swift */,
				BB4533D92A3B3137007C9422 /* APIKey.swift */,
				BB92520B2A54A6F0003F61C2 /* RecipeService.swift */,
			);
			path = Model;
			sourceTree = "<group>";
		};
		BBBD7BFC2A4F2833004008E2 /* RecipleaseTests */ = {
			isa = PBXGroup;
			children = (
				BBF3E0712A5043AC003EB0F7 /* ApiTestCase.swift */,
				BBF3E0732A5048FF003EB0F7 /* SearchTestCase.swift */,
				BB37DEAA2A7A5D9300F07FED /* CoreDataTestCase.swift */,
				BB5954232A827C5700197D90 /* Components */,
			);
			path = RecipleaseTests;
			sourceTree = "<group>";
		};
/* End PBXGroup section */

/* Begin PBXNativeTarget section */
		BBB8D38929E6030E008C8442 /* Reciplease */ = {
			isa = PBXNativeTarget;
			buildConfigurationList = BBB8D39829E6030F008C8442 /* Build configuration list for PBXNativeTarget "Reciplease" */;
			buildPhases = (
				BBB8D38629E6030E008C8442 /* Sources */,
				BBB8D38729E6030E008C8442 /* Frameworks */,
				BBB8D38829E6030E008C8442 /* Resources */,
			);
			buildRules = (
			);
			dependencies = (
			);
			name = Reciplease;
			productName = Reciplease;
			productReference = BB921C2E2A39FA4A00857F94 /* Reciplease.app */;
			productType = "com.apple.product-type.application";
		};
		BBBD7BFA2A4F2833004008E2 /* RecipleaseTests */ = {
			isa = PBXNativeTarget;
			buildConfigurationList = BBBD7C032A4F2833004008E2 /* Build configuration list for PBXNativeTarget "RecipleaseTests" */;
			buildPhases = (
				BBBD7BF72A4F2833004008E2 /* Sources */,
				BBBD7BF82A4F2833004008E2 /* Frameworks */,
				BBBD7BF92A4F2833004008E2 /* Resources */,
			);
			buildRules = (
			);
			dependencies = (
				BBBD7C002A4F2833004008E2 /* PBXTargetDependency */,
			);
			name = RecipleaseTests;
			productName = RecipleaseTests;
			productReference = BBBD7BFB2A4F2833004008E2 /* RecipleaseTests.xctest */;
			productType = "com.apple.product-type.bundle.unit-test";
		};
/* End PBXNativeTarget section */

/* Begin PBXProject section */
		BBB8D38229E6030E008C8442 /* Project object */ = {
			isa = PBXProject;
			attributes = {
				BuildIndependentTargetsInParallel = 1;
				LastSwiftUpdateCheck = 1430;
				LastUpgradeCheck = 1430;
				TargetAttributes = {
					BBB8D38929E6030E008C8442 = {
						CreatedOnToolsVersion = 14.3;
					};
					BBBD7BFA2A4F2833004008E2 = {
						CreatedOnToolsVersion = 14.3.1;
						LastSwiftMigration = 1430;
						TestTargetID = BBB8D38929E6030E008C8442;
					};
				};
			};
			buildConfigurationList = BBB8D38529E6030E008C8442 /* Build configuration list for PBXProject "Reciplease" */;
			compatibilityVersion = "Xcode 13.0";
			developmentRegion = en;
			hasScannedForEncodings = 0;
			knownRegions = (
				en,
				Base,
			);
			mainGroup = BBB8D38129E6030E008C8442;
			productRefGroup = BBB8D38129E6030E008C8442;
			projectDirPath = "";
			projectRoot = "";
			targets = (
				BBB8D38929E6030E008C8442 /* Reciplease */,
				BBBD7BFA2A4F2833004008E2 /* RecipleaseTests */,
			);
		};
/* End PBXProject section */

/* Begin PBXResourcesBuildPhase section */
		BBB8D38829E6030E008C8442 /* Resources */ = {
			isa = PBXResourcesBuildPhase;
			buildActionMask = 2147483647;
			files = (
				BBB8D39529E6030F008C8442 /* Preview Assets.xcassets in Resources */,
				BBB8D39229E6030F008C8442 /* Assets.xcassets in Resources */,
			);
			runOnlyForDeploymentPostprocessing = 0;
		};
		BBBD7BF92A4F2833004008E2 /* Resources */ = {
			isa = PBXResourcesBuildPhase;
			buildActionMask = 2147483647;
			files = (
			);
			runOnlyForDeploymentPostprocessing = 0;
		};
/* End PBXResourcesBuildPhase section */

/* Begin PBXSourcesBuildPhase section */
		BBB8D38629E6030E008C8442 /* Sources */ = {
			isa = PBXSourcesBuildPhase;
			buildActionMask = 2147483647;
			files = (
				BBA326AE29E6EB6D00E34018 /* RecipiesListView.swift in Sources */,
				BBB8D39C29E60451008C8442 /* FavoritesView.swift in Sources */,
				BBB8D39E29E605AD008C8442 /* SearchView.swift in Sources */,
				BB4533DA2A3B3137007C9422 /* APIKey.swift in Sources */,
				BB8B2A1D2A152FFA00B2A096 /* Reciplease.xcdatamodeld in Sources */,
				BB341FA22A0A819A0032D048 /* TabBar.swift in Sources */,
				BBC3F2D52A0D0CB6004FAD67 /* RecipeView.swift in Sources */,
				BB92520C2A54A6F0003F61C2 /* RecipeService.swift in Sources */,
				BB8B2A1F2A15356E00B2A096 /* DataController.swift in Sources */,
				BBB8D39029E6030E008C8442 /* ContentView.swift in Sources */,
				BBF96B8129F0453900FCB40B /* SearchView-ViewModel.swift in Sources */,
				BBB8D38E29E6030E008C8442 /* RecipleaseApp.swift in Sources */,
				BB341FA72A0A8ED10032D048 /* RecipeList.swift in Sources */,
				BB6AFAA62A09B5C20025742D /* RecipeCard.swift in Sources */,
				BB341FA52A0A82FB0032D048 /* RecipeModel.swift in Sources */,
			);
			runOnlyForDeploymentPostprocessing = 0;
		};
		BBBD7BF72A4F2833004008E2 /* Sources */ = {
			isa = PBXSourcesBuildPhase;
			buildActionMask = 2147483647;
			files = (
				BB37DEAB2A7A5D9300F07FED /* CoreDataTestCase.swift in Sources */,
				BBBBFC622A79919500C27D1F /* MockURLProtocol.swift in Sources */,
				BB37DEAD2A7BBCBA00F07FED /* CoreDataTestStack.swift in Sources */,
				BBF3E0722A5043AC003EB0F7 /* ApiTestCase.swift in Sources */,
				BBF3E0742A5048FF003EB0F7 /* SearchTestCase.swift in Sources */,
			);
			runOnlyForDeploymentPostprocessing = 0;
		};
/* End PBXSourcesBuildPhase section */

/* Begin PBXTargetDependency section */
		BBBD7C002A4F2833004008E2 /* PBXTargetDependency */ = {
			isa = PBXTargetDependency;
			target = BBB8D38929E6030E008C8442 /* Reciplease */;
			targetProxy = BBBD7BFF2A4F2833004008E2 /* PBXContainerItemProxy */;
		};
/* End PBXTargetDependency section */

/* Begin XCBuildConfiguration section */
		BBB8D39629E6030F008C8442 /* Debug */ = {
			isa = XCBuildConfiguration;
			buildSettings = {
				ALWAYS_SEARCH_USER_PATHS = NO;
				CLANG_ANALYZER_NONNULL = YES;
				CLANG_ANALYZER_NUMBER_OBJECT_CONVERSION = YES_AGGRESSIVE;
				CLANG_CXX_LANGUAGE_STANDARD = "gnu++20";
				CLANG_ENABLE_MODULES = YES;
				CLANG_ENABLE_OBJC_ARC = YES;
				CLANG_ENABLE_OBJC_WEAK = YES;
				CLANG_WARN_BLOCK_CAPTURE_AUTORELEASING = YES;
				CLANG_WARN_BOOL_CONVERSION = YES;
				CLANG_WARN_COMMA = YES;
				CLANG_WARN_CONSTANT_CONVERSION = YES;
				CLANG_WARN_DEPRECATED_OBJC_IMPLEMENTATIONS = YES;
				CLANG_WARN_DIRECT_OBJC_ISA_USAGE = YES_ERROR;
				CLANG_WARN_DOCUMENTATION_COMMENTS = YES;
				CLANG_WARN_EMPTY_BODY = YES;
				CLANG_WARN_ENUM_CONVERSION = YES;
				CLANG_WARN_INFINITE_RECURSION = YES;
				CLANG_WARN_INT_CONVERSION = YES;
				CLANG_WARN_NON_LITERAL_NULL_CONVERSION = YES;
				CLANG_WARN_OBJC_IMPLICIT_RETAIN_SELF = YES;
				CLANG_WARN_OBJC_LITERAL_CONVERSION = YES;
				CLANG_WARN_OBJC_ROOT_CLASS = YES_ERROR;
				CLANG_WARN_QUOTED_INCLUDE_IN_FRAMEWORK_HEADER = YES;
				CLANG_WARN_RANGE_LOOP_ANALYSIS = YES;
				CLANG_WARN_STRICT_PROTOTYPES = YES;
				CLANG_WARN_SUSPICIOUS_MOVE = YES;
				CLANG_WARN_UNGUARDED_AVAILABILITY = YES_AGGRESSIVE;
				CLANG_WARN_UNREACHABLE_CODE = YES;
				CLANG_WARN__DUPLICATE_METHOD_MATCH = YES;
				COPY_PHASE_STRIP = NO;
				DEBUG_INFORMATION_FORMAT = dwarf;
				ENABLE_STRICT_OBJC_MSGSEND = YES;
				ENABLE_TESTABILITY = YES;
				GCC_C_LANGUAGE_STANDARD = gnu11;
				GCC_DYNAMIC_NO_PIC = NO;
				GCC_NO_COMMON_BLOCKS = YES;
				GCC_OPTIMIZATION_LEVEL = 0;
				GCC_PREPROCESSOR_DEFINITIONS = (
					"DEBUG=1",
					"$(inherited)",
				);
				GCC_WARN_64_TO_32_BIT_CONVERSION = YES;
				GCC_WARN_ABOUT_RETURN_TYPE = YES_ERROR;
				GCC_WARN_UNDECLARED_SELECTOR = YES;
				GCC_WARN_UNINITIALIZED_AUTOS = YES_AGGRESSIVE;
				GCC_WARN_UNUSED_FUNCTION = YES;
				GCC_WARN_UNUSED_VARIABLE = YES;
				IPHONEOS_DEPLOYMENT_TARGET = 16.0;
				MTL_ENABLE_DEBUG_INFO = INCLUDE_SOURCE;
				MTL_FAST_MATH = YES;
				ONLY_ACTIVE_ARCH = YES;
				SDKROOT = iphoneos;
				SWIFT_ACTIVE_COMPILATION_CONDITIONS = DEBUG;
				SWIFT_OPTIMIZATION_LEVEL = "-Onone";
			};
			name = Debug;
		};
		BBB8D39729E6030F008C8442 /* Release */ = {
			isa = XCBuildConfiguration;
			buildSettings = {
				ALWAYS_SEARCH_USER_PATHS = NO;
				CLANG_ANALYZER_NONNULL = YES;
				CLANG_ANALYZER_NUMBER_OBJECT_CONVERSION = YES_AGGRESSIVE;
				CLANG_CXX_LANGUAGE_STANDARD = "gnu++20";
				CLANG_ENABLE_MODULES = YES;
				CLANG_ENABLE_OBJC_ARC = YES;
				CLANG_ENABLE_OBJC_WEAK = YES;
				CLANG_WARN_BLOCK_CAPTURE_AUTORELEASING = YES;
				CLANG_WARN_BOOL_CONVERSION = YES;
				CLANG_WARN_COMMA = YES;
				CLANG_WARN_CONSTANT_CONVERSION = YES;
				CLANG_WARN_DEPRECATED_OBJC_IMPLEMENTATIONS = YES;
				CLANG_WARN_DIRECT_OBJC_ISA_USAGE = YES_ERROR;
				CLANG_WARN_DOCUMENTATION_COMMENTS = YES;
				CLANG_WARN_EMPTY_BODY = YES;
				CLANG_WARN_ENUM_CONVERSION = YES;
				CLANG_WARN_INFINITE_RECURSION = YES;
				CLANG_WARN_INT_CONVERSION = YES;
				CLANG_WARN_NON_LITERAL_NULL_CONVERSION = YES;
				CLANG_WARN_OBJC_IMPLICIT_RETAIN_SELF = YES;
				CLANG_WARN_OBJC_LITERAL_CONVERSION = YES;
				CLANG_WARN_OBJC_ROOT_CLASS = YES_ERROR;
				CLANG_WARN_QUOTED_INCLUDE_IN_FRAMEWORK_HEADER = YES;
				CLANG_WARN_RANGE_LOOP_ANALYSIS = YES;
				CLANG_WARN_STRICT_PROTOTYPES = YES;
				CLANG_WARN_SUSPICIOUS_MOVE = YES;
				CLANG_WARN_UNGUARDED_AVAILABILITY = YES_AGGRESSIVE;
				CLANG_WARN_UNREACHABLE_CODE = YES;
				CLANG_WARN__DUPLICATE_METHOD_MATCH = YES;
				COPY_PHASE_STRIP = NO;
				DEBUG_INFORMATION_FORMAT = "dwarf-with-dsym";
				ENABLE_NS_ASSERTIONS = NO;
				ENABLE_STRICT_OBJC_MSGSEND = YES;
				GCC_C_LANGUAGE_STANDARD = gnu11;
				GCC_NO_COMMON_BLOCKS = YES;
				GCC_WARN_64_TO_32_BIT_CONVERSION = YES;
				GCC_WARN_ABOUT_RETURN_TYPE = YES_ERROR;
				GCC_WARN_UNDECLARED_SELECTOR = YES;
				GCC_WARN_UNINITIALIZED_AUTOS = YES_AGGRESSIVE;
				GCC_WARN_UNUSED_FUNCTION = YES;
				GCC_WARN_UNUSED_VARIABLE = YES;
				IPHONEOS_DEPLOYMENT_TARGET = 16.0;
				MTL_ENABLE_DEBUG_INFO = NO;
				MTL_FAST_MATH = YES;
				SDKROOT = iphoneos;
				SWIFT_COMPILATION_MODE = wholemodule;
				SWIFT_OPTIMIZATION_LEVEL = "-O";
				VALIDATE_PRODUCT = YES;
			};
			name = Release;
		};
		BBB8D39929E6030F008C8442 /* Debug */ = {
			isa = XCBuildConfiguration;
			buildSettings = {
				ASSETCATALOG_COMPILER_APPICON_NAME = AppIcon;
				ASSETCATALOG_COMPILER_GLOBAL_ACCENT_COLOR_NAME = AccentColor;
				CODE_SIGN_STYLE = Automatic;
				CURRENT_PROJECT_VERSION = 1;
				DEVELOPMENT_ASSET_PATHS = "\"Reciplease/Preview Content\"";
				DEVELOPMENT_TEAM = RT62BPUMZ6;
				ENABLE_PREVIEWS = YES;
				GENERATE_INFOPLIST_FILE = YES;
				INFOPLIST_KEY_UIApplicationSceneManifest_Generation = YES;
				INFOPLIST_KEY_UIApplicationSupportsIndirectInputEvents = YES;
				INFOPLIST_KEY_UILaunchScreen_Generation = YES;
				INFOPLIST_KEY_UIRequiresFullScreen = YES;
				INFOPLIST_KEY_UISupportedInterfaceOrientations = UIInterfaceOrientationPortrait;
				IPHONEOS_DEPLOYMENT_TARGET = 16.0;
				LD_RUNPATH_SEARCH_PATHS = (
					"$(inherited)",
					"@executable_path/Frameworks",
				);
				MARKETING_VERSION = 1.0;
				PRODUCT_BUNDLE_IDENTIFIER = com.huguesfils.Reciplease;
				PRODUCT_NAME = "$(TARGET_NAME)";
				SWIFT_EMIT_LOC_STRINGS = YES;
				SWIFT_VERSION = 5.0;
				TARGETED_DEVICE_FAMILY = "1,2";
			};
			name = Debug;
		};
		BBB8D39A29E6030F008C8442 /* Release */ = {
			isa = XCBuildConfiguration;
			buildSettings = {
				ASSETCATALOG_COMPILER_APPICON_NAME = AppIcon;
				ASSETCATALOG_COMPILER_GLOBAL_ACCENT_COLOR_NAME = AccentColor;
				CODE_SIGN_STYLE = Automatic;
				CURRENT_PROJECT_VERSION = 1;
				DEVELOPMENT_ASSET_PATHS = "\"Reciplease/Preview Content\"";
				DEVELOPMENT_TEAM = RT62BPUMZ6;
				ENABLE_PREVIEWS = YES;
				GENERATE_INFOPLIST_FILE = YES;
				INFOPLIST_KEY_UIApplicationSceneManifest_Generation = YES;
				INFOPLIST_KEY_UIApplicationSupportsIndirectInputEvents = YES;
				INFOPLIST_KEY_UILaunchScreen_Generation = YES;
				INFOPLIST_KEY_UIRequiresFullScreen = YES;
				INFOPLIST_KEY_UISupportedInterfaceOrientations = UIInterfaceOrientationPortrait;
				IPHONEOS_DEPLOYMENT_TARGET = 16.0;
				LD_RUNPATH_SEARCH_PATHS = (
					"$(inherited)",
					"@executable_path/Frameworks",
				);
				MARKETING_VERSION = 1.0;
				PRODUCT_BUNDLE_IDENTIFIER = com.huguesfils.Reciplease;
				PRODUCT_NAME = "$(TARGET_NAME)";
				SWIFT_EMIT_LOC_STRINGS = YES;
				SWIFT_VERSION = 5.0;
				TARGETED_DEVICE_FAMILY = "1,2";
			};
			name = Release;
		};
		BBBD7C012A4F2833004008E2 /* Debug */ = {
			isa = XCBuildConfiguration;
			buildSettings = {
				BUNDLE_LOADER = "$(TEST_HOST)";
				CLANG_ENABLE_MODULES = YES;
				CODE_SIGN_STYLE = Automatic;
				CURRENT_PROJECT_VERSION = 1;
				DEVELOPMENT_TEAM = RT62BPUMZ6;
				GENERATE_INFOPLIST_FILE = YES;
				MARKETING_VERSION = 1.0;
				PRODUCT_BUNDLE_IDENTIFIER = com.huguesfils.RecipleaseTests;
				PRODUCT_NAME = "$(TARGET_NAME)";
				SWIFT_EMIT_LOC_STRINGS = NO;
				SWIFT_OPTIMIZATION_LEVEL = "-Onone";
				SWIFT_VERSION = 5.0;
				TARGETED_DEVICE_FAMILY = "1,2";
				TEST_HOST = "$(BUILT_PRODUCTS_DIR)/Reciplease.app/$(BUNDLE_EXECUTABLE_FOLDER_PATH)/Reciplease";
			};
			name = Debug;
		};
		BBBD7C022A4F2833004008E2 /* Release */ = {
			isa = XCBuildConfiguration;
			buildSettings = {
				BUNDLE_LOADER = "$(TEST_HOST)";
				CLANG_ENABLE_MODULES = YES;
				CODE_SIGN_STYLE = Automatic;
				CURRENT_PROJECT_VERSION = 1;
				DEVELOPMENT_TEAM = RT62BPUMZ6;
				GENERATE_INFOPLIST_FILE = YES;
				MARKETING_VERSION = 1.0;
				PRODUCT_BUNDLE_IDENTIFIER = com.huguesfils.RecipleaseTests;
				PRODUCT_NAME = "$(TARGET_NAME)";
				SWIFT_EMIT_LOC_STRINGS = NO;
				SWIFT_VERSION = 5.0;
				TARGETED_DEVICE_FAMILY = "1,2";
				TEST_HOST = "$(BUILT_PRODUCTS_DIR)/Reciplease.app/$(BUNDLE_EXECUTABLE_FOLDER_PATH)/Reciplease";
			};
			name = Release;
		};
/* End XCBuildConfiguration section */

/* Begin XCConfigurationList section */
		BBB8D38529E6030E008C8442 /* Build configuration list for PBXProject "Reciplease" */ = {
			isa = XCConfigurationList;
			buildConfigurations = (
				BBB8D39629E6030F008C8442 /* Debug */,
				BBB8D39729E6030F008C8442 /* Release */,
			);
			defaultConfigurationIsVisible = 0;
			defaultConfigurationName = Release;
		};
		BBB8D39829E6030F008C8442 /* Build configuration list for PBXNativeTarget "Reciplease" */ = {
			isa = XCConfigurationList;
			buildConfigurations = (
				BBB8D39929E6030F008C8442 /* Debug */,
				BBB8D39A29E6030F008C8442 /* Release */,
			);
			defaultConfigurationIsVisible = 0;
			defaultConfigurationName = Release;
		};
		BBBD7C032A4F2833004008E2 /* Build configuration list for PBXNativeTarget "RecipleaseTests" */ = {
			isa = XCConfigurationList;
			buildConfigurations = (
				BBBD7C012A4F2833004008E2 /* Debug */,
				BBBD7C022A4F2833004008E2 /* Release */,
			);
			defaultConfigurationIsVisible = 0;
			defaultConfigurationName = Release;
		};
/* End XCConfigurationList section */

/* Begin XCVersionGroup section */
		BB8B2A1B2A152FF900B2A096 /* Reciplease.xcdatamodeld */ = {
			isa = XCVersionGroup;
			children = (
				BB8B2A1C2A152FF900B2A096 /* Reciplease.xcdatamodel */,
			);
			currentVersion = BB8B2A1C2A152FF900B2A096 /* Reciplease.xcdatamodel */;
			path = Reciplease.xcdatamodeld;
			sourceTree = "<group>";
			versionGroupType = wrapper.xcdatamodel;
		};
/* End XCVersionGroup section */
	};
	rootObject = BBB8D38229E6030E008C8442 /* Project object */;
}
