// !$*UTF8*$!
{
	archiveVersion = 1;
	classes = {
	};
	objectVersion = 55;
	objects = {

/* Begin PBXBuildFile section */
		9102FDD42FB60677C550EAAE /* Pods_Reciplease.framework in Frameworks */ = {isa = PBXBuildFile; fileRef = 478F069EA4751BE87BBEA79E /* Pods_Reciplease.framework */; };
		BB341FA22A0A819A0032D048 /* TabBar.swift in Sources */ = {isa = PBXBuildFile; fileRef = BB341FA12A0A819A0032D048 /* TabBar.swift */; };
		BB341FA52A0A82FB0032D048 /* RecipeModel.swift in Sources */ = {isa = PBXBuildFile; fileRef = BB341FA42A0A82FB0032D048 /* RecipeModel.swift */; };
		BB341FA72A0A8ED10032D048 /* RecipeList.swift in Sources */ = {isa = PBXBuildFile; fileRef = BB341FA62A0A8ED10032D048 /* RecipeList.swift */; };
		BB6AFAA62A09B5C20025742D /* RecipeCard.swift in Sources */ = {isa = PBXBuildFile; fileRef = BB6AFAA52A09B5C20025742D /* RecipeCard.swift */; };
		BBA326AE29E6EB6D00E34018 /* RecipiesListView.swift in Sources */ = {isa = PBXBuildFile; fileRef = BBA326AD29E6EB6D00E34018 /* RecipiesListView.swift */; };
		BBB8D38E29E6030E008C8442 /* RecipleaseApp.swift in Sources */ = {isa = PBXBuildFile; fileRef = BBB8D38D29E6030E008C8442 /* RecipleaseApp.swift */; };
		BBB8D39029E6030E008C8442 /* ContentView.swift in Sources */ = {isa = PBXBuildFile; fileRef = BBB8D38F29E6030E008C8442 /* ContentView.swift */; };
		BBB8D39229E6030F008C8442 /* Assets.xcassets in Resources */ = {isa = PBXBuildFile; fileRef = BBB8D39129E6030F008C8442 /* Assets.xcassets */; };
		BBB8D39529E6030F008C8442 /* Preview Assets.xcassets in Resources */ = {isa = PBXBuildFile; fileRef = BBB8D39429E6030F008C8442 /* Preview Assets.xcassets */; };
		BBB8D39C29E60451008C8442 /* FavoritesView.swift in Sources */ = {isa = PBXBuildFile; fileRef = BBB8D39B29E60451008C8442 /* FavoritesView.swift */; };
		BBB8D39E29E605AD008C8442 /* SearchView.swift in Sources */ = {isa = PBXBuildFile; fileRef = BBB8D39D29E605AD008C8442 /* SearchView.swift */; };
		BBC3F2D52A0D0CB6004FAD67 /* RecipeView.swift in Sources */ = {isa = PBXBuildFile; fileRef = BBC3F2D42A0D0CB6004FAD67 /* RecipeView.swift */; };
		BBC3F2D72A0D3B00004FAD67 /* RecipeView-ViewModel.swift in Sources */ = {isa = PBXBuildFile; fileRef = BBC3F2D62A0D3B00004FAD67 /* RecipeView-ViewModel.swift */; };
		BBC3F2D92A0E995B004FAD67 /* Favorites.swift in Sources */ = {isa = PBXBuildFile; fileRef = BBC3F2D82A0E995B004FAD67 /* Favorites.swift */; };
		BBF96B8129F0453900FCB40B /* SearchView-ViewModel.swift in Sources */ = {isa = PBXBuildFile; fileRef = BBF96B8029F0453900FCB40B /* SearchView-ViewModel.swift */; };
/* End PBXBuildFile section */

/* Begin PBXFileReference section */
		355E516596EC70D7E53A4C29 /* Pods-Reciplease.release.xcconfig */ = {isa = PBXFileReference; includeInIndex = 1; lastKnownFileType = text.xcconfig; name = "Pods-Reciplease.release.xcconfig"; path = "Target Support Files/Pods-Reciplease/Pods-Reciplease.release.xcconfig"; sourceTree = "<group>"; };
		478F069EA4751BE87BBEA79E /* Pods_Reciplease.framework */ = {isa = PBXFileReference; explicitFileType = wrapper.framework; includeInIndex = 0; path = Pods_Reciplease.framework; sourceTree = BUILT_PRODUCTS_DIR; };
		B7AF4011BB8193FC02E944A8 /* Pods-Reciplease.debug.xcconfig */ = {isa = PBXFileReference; includeInIndex = 1; lastKnownFileType = text.xcconfig; name = "Pods-Reciplease.debug.xcconfig"; path = "Target Support Files/Pods-Reciplease/Pods-Reciplease.debug.xcconfig"; sourceTree = "<group>"; };
		BB341FA12A0A819A0032D048 /* TabBar.swift */ = {isa = PBXFileReference; lastKnownFileType = sourcecode.swift; path = TabBar.swift; sourceTree = "<group>"; };
		BB341FA42A0A82FB0032D048 /* RecipeModel.swift */ = {isa = PBXFileReference; lastKnownFileType = sourcecode.swift; path = RecipeModel.swift; sourceTree = "<group>"; };
		BB341FA62A0A8ED10032D048 /* RecipeList.swift */ = {isa = PBXFileReference; lastKnownFileType = sourcecode.swift; path = RecipeList.swift; sourceTree = "<group>"; };
		BB6AFAA52A09B5C20025742D /* RecipeCard.swift */ = {isa = PBXFileReference; lastKnownFileType = sourcecode.swift; path = RecipeCard.swift; sourceTree = "<group>"; };
		BBA326AD29E6EB6D00E34018 /* RecipiesListView.swift */ = {isa = PBXFileReference; lastKnownFileType = sourcecode.swift; path = RecipiesListView.swift; sourceTree = "<group>"; };
		BBB8D38A29E6030E008C8442 /* Reciplease.app */ = {isa = PBXFileReference; explicitFileType = wrapper.application; includeInIndex = 0; path = Reciplease.app; sourceTree = BUILT_PRODUCTS_DIR; };
		BBB8D38D29E6030E008C8442 /* RecipleaseApp.swift */ = {isa = PBXFileReference; lastKnownFileType = sourcecode.swift; path = RecipleaseApp.swift; sourceTree = "<group>"; };
		BBB8D38F29E6030E008C8442 /* ContentView.swift */ = {isa = PBXFileReference; lastKnownFileType = sourcecode.swift; path = ContentView.swift; sourceTree = "<group>"; };
		BBB8D39129E6030F008C8442 /* Assets.xcassets */ = {isa = PBXFileReference; lastKnownFileType = folder.assetcatalog; path = Assets.xcassets; sourceTree = "<group>"; };
		BBB8D39429E6030F008C8442 /* Preview Assets.xcassets */ = {isa = PBXFileReference; lastKnownFileType = folder.assetcatalog; path = "Preview Assets.xcassets"; sourceTree = "<group>"; };
		BBB8D39B29E60451008C8442 /* FavoritesView.swift */ = {isa = PBXFileReference; lastKnownFileType = sourcecode.swift; path = FavoritesView.swift; sourceTree = "<group>"; };
		BBB8D39D29E605AD008C8442 /* SearchView.swift */ = {isa = PBXFileReference; lastKnownFileType = sourcecode.swift; path = SearchView.swift; sourceTree = "<group>"; };
		BBC3F2D42A0D0CB6004FAD67 /* RecipeView.swift */ = {isa = PBXFileReference; lastKnownFileType = sourcecode.swift; path = RecipeView.swift; sourceTree = "<group>"; };
		BBC3F2D62A0D3B00004FAD67 /* RecipeView-ViewModel.swift */ = {isa = PBXFileReference; lastKnownFileType = sourcecode.swift; path = "RecipeView-ViewModel.swift"; sourceTree = "<group>"; };
		BBC3F2D82A0E995B004FAD67 /* Favorites.swift */ = {isa = PBXFileReference; lastKnownFileType = sourcecode.swift; path = Favorites.swift; sourceTree = "<group>"; };
		BBF96B8029F0453900FCB40B /* SearchView-ViewModel.swift */ = {isa = PBXFileReference; lastKnownFileType = sourcecode.swift; path = "SearchView-ViewModel.swift"; sourceTree = "<group>"; };
/* End PBXFileReference section */

/* Begin PBXFrameworksBuildPhase section */
		BBB8D38729E6030E008C8442 /* Frameworks */ = {
			isa = PBXFrameworksBuildPhase;
			buildActionMask = 2147483647;
			files = (
				9102FDD42FB60677C550EAAE /* Pods_Reciplease.framework in Frameworks */,
			);
			runOnlyForDeploymentPostprocessing = 0;
		};
/* End PBXFrameworksBuildPhase section */

/* Begin PBXGroup section */
		3806F164B074CD989D1FA87D /* Pods */ = {
			isa = PBXGroup;
			children = (
				B7AF4011BB8193FC02E944A8 /* Pods-Reciplease.debug.xcconfig */,
				355E516596EC70D7E53A4C29 /* Pods-Reciplease.release.xcconfig */,
			);
			name = Pods;
			path = Pods;
			sourceTree = "<group>";
		};
		A08CB1DE509BC0B2A1D74C2C /* Frameworks */ = {
			isa = PBXGroup;
			children = (
				478F069EA4751BE87BBEA79E /* Pods_Reciplease.framework */,
			);
			name = Frameworks;
			sourceTree = "<group>";
		};
		BB341FA32A0A81D70032D048 /* Main */ = {
			isa = PBXGroup;
			children = (
				BBB8D38F29E6030E008C8442 /* ContentView.swift */,
				BBB8D39D29E605AD008C8442 /* SearchView.swift */,
				BBA326AD29E6EB6D00E34018 /* RecipiesListView.swift */,
				BB341FA12A0A819A0032D048 /* TabBar.swift */,
				BBC3F2D42A0D0CB6004FAD67 /* RecipeView.swift */,
			);
			path = Main;
			sourceTree = "<group>";
		};
		BB6AFAA42A09B5A30025742D /* Components */ = {
			isa = PBXGroup;
			children = (
				BB6AFAA52A09B5C20025742D /* RecipeCard.swift */,
				BB341FA62A0A8ED10032D048 /* RecipeList.swift */,
			);
			path = Components;
			sourceTree = "<group>";
		};
		BBA326AF29E6EBFF00E34018 /* Views */ = {
			isa = PBXGroup;
			children = (
				BB341FA32A0A81D70032D048 /* Main */,
				BB6AFAA42A09B5A30025742D /* Components */,
			);
			path = Views;
			sourceTree = "<group>";
		};
		BBA326B029E6EC1C00E34018 /* Favorites views */ = {
			isa = PBXGroup;
			children = (
				BBB8D39B29E60451008C8442 /* FavoritesView.swift */,
			);
			path = "Favorites views";
			sourceTree = "<group>";
		};
		BBB8D38129E6030E008C8442 = {
			isa = PBXGroup;
			children = (
				BBB8D38C29E6030E008C8442 /* Reciplease */,
				BBB8D38B29E6030E008C8442 /* Products */,
				3806F164B074CD989D1FA87D /* Pods */,
				A08CB1DE509BC0B2A1D74C2C /* Frameworks */,
			);
			sourceTree = "<group>";
		};
		BBB8D38B29E6030E008C8442 /* Products */ = {
			isa = PBXGroup;
			children = (
				BBB8D38A29E6030E008C8442 /* Reciplease.app */,
			);
			name = Products;
			sourceTree = "<group>";
		};
		BBB8D38C29E6030E008C8442 /* Reciplease */ = {
			isa = PBXGroup;
			children = (
				BBB8D38D29E6030E008C8442 /* RecipleaseApp.swift */,
				BBF96B8229F0454200FCB40B /* Search */,
				BBA326B029E6EC1C00E34018 /* Favorites views */,
				BBB8D39129E6030F008C8442 /* Assets.xcassets */,
				BBB8D39329E6030F008C8442 /* Preview Content */,
			);
			path = Reciplease;
			sourceTree = "<group>";
		};
		BBB8D39329E6030F008C8442 /* Preview Content */ = {
			isa = PBXGroup;
			children = (
				BBB8D39429E6030F008C8442 /* Preview Assets.xcassets */,
			);
			path = "Preview Content";
			sourceTree = "<group>";
		};
		BBBB9A3B2A0426E7000A9385 /* ViewModel */ = {
			isa = PBXGroup;
			children = (
				BBF96B8029F0453900FCB40B /* SearchView-ViewModel.swift */,
				BBC3F2D62A0D3B00004FAD67 /* RecipeView-ViewModel.swift */,
			);
			path = ViewModel;
			sourceTree = "<group>";
		};
		BBBB9A3C2A042701000A9385 /* Model */ = {
			isa = PBXGroup;
			children = (
				BB341FA42A0A82FB0032D048 /* RecipeModel.swift */,
				BBC3F2D82A0E995B004FAD67 /* Favorites.swift */,
			);
			path = Model;
			sourceTree = "<group>";
		};
		BBF96B8229F0454200FCB40B /* Search */ = {
			isa = PBXGroup;
			children = (
				BBA326AF29E6EBFF00E34018 /* Views */,
				BBBB9A3C2A042701000A9385 /* Model */,
				BBBB9A3B2A0426E7000A9385 /* ViewModel */,
			);
			path = Search;
			sourceTree = "<group>";
		};
/* End PBXGroup section */

/* Begin PBXNativeTarget section */
		BBB8D38929E6030E008C8442 /* Reciplease */ = {
			isa = PBXNativeTarget;
			buildConfigurationList = BBB8D39829E6030F008C8442 /* Build configuration list for PBXNativeTarget "Reciplease" */;
			buildPhases = (
				26DF744C8A7D3A2302029089 /* [CP] Check Pods Manifest.lock */,
				BBB8D38629E6030E008C8442 /* Sources */,
				BBB8D38729E6030E008C8442 /* Frameworks */,
				BBB8D38829E6030E008C8442 /* Resources */,
				046B0F5FBF709BDD4ED2289E /* [CP] Embed Pods Frameworks */,
			);
			buildRules = (
			);
			dependencies = (
			);
			name = Reciplease;
			productName = Reciplease;
			productReference = BBB8D38A29E6030E008C8442 /* Reciplease.app */;
			productType = "com.apple.product-type.application";
		};
/* End PBXNativeTarget section */

/* Begin PBXProject section */
		BBB8D38229E6030E008C8442 /* Project object */ = {
			isa = PBXProject;
			attributes = {
				BuildIndependentTargetsInParallel = 1;
				LastSwiftUpdateCheck = 1430;
				LastUpgradeCheck = 1430;
				TargetAttributes = {
					BBB8D38929E6030E008C8442 = {
						CreatedOnToolsVersion = 14.3;
					};
				};
			};
			buildConfigurationList = BBB8D38529E6030E008C8442 /* Build configuration list for PBXProject "Reciplease" */;
			compatibilityVersion = "Xcode 13.0";
			developmentRegion = en;
			hasScannedForEncodings = 0;
			knownRegions = (
				en,
				Base,
			);
			mainGroup = BBB8D38129E6030E008C8442;
			productRefGroup = BBB8D38B29E6030E008C8442 /* Products */;
			projectDirPath = "";
			projectRoot = "";
			targets = (
				BBB8D38929E6030E008C8442 /* Reciplease */,
			);
		};
/* End PBXProject section */

/* Begin PBXResourcesBuildPhase section */
		BBB8D38829E6030E008C8442 /* Resources */ = {
			isa = PBXResourcesBuildPhase;
			buildActionMask = 2147483647;
			files = (
				BBB8D39529E6030F008C8442 /* Preview Assets.xcassets in Resources */,
				BBB8D39229E6030F008C8442 /* Assets.xcassets in Resources */,
			);
			runOnlyForDeploymentPostprocessing = 0;
		};
/* End PBXResourcesBuildPhase section */

/* Begin PBXShellScriptBuildPhase section */
		046B0F5FBF709BDD4ED2289E /* [CP] Embed Pods Frameworks */ = {
			isa = PBXShellScriptBuildPhase;
			buildActionMask = 2147483647;
			files = (
			);
			inputFileListPaths = (
				"${PODS_ROOT}/Target Support Files/Pods-Reciplease/Pods-Reciplease-frameworks-${CONFIGURATION}-input-files.xcfilelist",
			);
			name = "[CP] Embed Pods Frameworks";
			outputFileListPaths = (
				"${PODS_ROOT}/Target Support Files/Pods-Reciplease/Pods-Reciplease-frameworks-${CONFIGURATION}-output-files.xcfilelist",
			);
			runOnlyForDeploymentPostprocessing = 0;
			shellPath = /bin/sh;
			shellScript = "\"${PODS_ROOT}/Target Support Files/Pods-Reciplease/Pods-Reciplease-frameworks.sh\"\n";
			showEnvVarsInLog = 0;
		};
		26DF744C8A7D3A2302029089 /* [CP] Check Pods Manifest.lock */ = {
			isa = PBXShellScriptBuildPhase;
			buildActionMask = 2147483647;
			files = (
			);
			inputFileListPaths = (
			);
			inputPaths = (
				"${PODS_PODFILE_DIR_PATH}/Podfile.lock",
				"${PODS_ROOT}/Manifest.lock",
			);
			name = "[CP] Check Pods Manifest.lock";
			outputFileListPaths = (
			);
			outputPaths = (
				"$(DERIVED_FILE_DIR)/Pods-Reciplease-checkManifestLockResult.txt",
			);
			runOnlyForDeploymentPostprocessing = 0;
			shellPath = /bin/sh;
			shellScript = "diff \"${PODS_PODFILE_DIR_PATH}/Podfile.lock\" \"${PODS_ROOT}/Manifest.lock\" > /dev/null\nif [ $? != 0 ] ; then\n    # print error to STDERR\n    echo \"error: The sandbox is not in sync with the Podfile.lock. Run 'pod install' or update your CocoaPods installation.\" >&2\n    exit 1\nfi\n# This output is used by Xcode 'outputs' to avoid re-running this script phase.\necho \"SUCCESS\" > \"${SCRIPT_OUTPUT_FILE_0}\"\n";
			showEnvVarsInLog = 0;
		};
/* End PBXShellScriptBuildPhase section */

/* Begin PBXSourcesBuildPhase section */
		BBB8D38629E6030E008C8442 /* Sources */ = {
			isa = PBXSourcesBuildPhase;
			buildActionMask = 2147483647;
			files = (
				BBA326AE29E6EB6D00E34018 /* RecipiesListView.swift in Sources */,
				BBC3F2D72A0D3B00004FAD67 /* RecipeView-ViewModel.swift in Sources */,
				BBB8D39C29E60451008C8442 /* FavoritesView.swift in Sources */,
				BBB8D39E29E605AD008C8442 /* SearchView.swift in Sources */,
				BB341FA22A0A819A0032D048 /* TabBar.swift in Sources */,
				BBC3F2D52A0D0CB6004FAD67 /* RecipeView.swift in Sources */,
				BBB8D39029E6030E008C8442 /* ContentView.swift in Sources */,
				BBF96B8129F0453900FCB40B /* SearchView-ViewModel.swift in Sources */,
				BBB8D38E29E6030E008C8442 /* RecipleaseApp.swift in Sources */,
				BB341FA72A0A8ED10032D048 /* RecipeList.swift in Sources */,
				BB6AFAA62A09B5C20025742D /* RecipeCard.swift in Sources */,
				BB341FA52A0A82FB0032D048 /* RecipeModel.swift in Sources */,
				BBC3F2D92A0E995B004FAD67 /* Favorites.swift in Sources */,
			);
			runOnlyForDeploymentPostprocessing = 0;
		};
/* End PBXSourcesBuildPhase section */

/* Begin XCBuildConfiguration section */
		BBB8D39629E6030F008C8442 /* Debug */ = {
			isa = XCBuildConfiguration;
			buildSettings = {
				ALWAYS_SEARCH_USER_PATHS = NO;
				CLANG_ANALYZER_NONNULL = YES;
				CLANG_ANALYZER_NUMBER_OBJECT_CONVERSION = YES_AGGRESSIVE;
				CLANG_CXX_LANGUAGE_STANDARD = "gnu++20";
				CLANG_ENABLE_MODULES = YES;
				CLANG_ENABLE_OBJC_ARC = YES;
				CLANG_ENABLE_OBJC_WEAK = YES;
				CLANG_WARN_BLOCK_CAPTURE_AUTORELEASING = YES;
				CLANG_WARN_BOOL_CONVERSION = YES;
				CLANG_WARN_COMMA = YES;
				CLANG_WARN_CONSTANT_CONVERSION = YES;
				CLANG_WARN_DEPRECATED_OBJC_IMPLEMENTATIONS = YES;
				CLANG_WARN_DIRECT_OBJC_ISA_USAGE = YES_ERROR;
				CLANG_WARN_DOCUMENTATION_COMMENTS = YES;
				CLANG_WARN_EMPTY_BODY = YES;
				CLANG_WARN_ENUM_CONVERSION = YES;
				CLANG_WARN_INFINITE_RECURSION = YES;
				CLANG_WARN_INT_CONVERSION = YES;
				CLANG_WARN_NON_LITERAL_NULL_CONVERSION = YES;
				CLANG_WARN_OBJC_IMPLICIT_RETAIN_SELF = YES;
				CLANG_WARN_OBJC_LITERAL_CONVERSION = YES;
				CLANG_WARN_OBJC_ROOT_CLASS = YES_ERROR;
				CLANG_WARN_QUOTED_INCLUDE_IN_FRAMEWORK_HEADER = YES;
				CLANG_WARN_RANGE_LOOP_ANALYSIS = YES;
				CLANG_WARN_STRICT_PROTOTYPES = YES;
				CLANG_WARN_SUSPICIOUS_MOVE = YES;
				CLANG_WARN_UNGUARDED_AVAILABILITY = YES_AGGRESSIVE;
				CLANG_WARN_UNREACHABLE_CODE = YES;
				CLANG_WARN__DUPLICATE_METHOD_MATCH = YES;
				COPY_PHASE_STRIP = NO;
				DEBUG_INFORMATION_FORMAT = dwarf;
				ENABLE_STRICT_OBJC_MSGSEND = YES;
				ENABLE_TESTABILITY = YES;
				GCC_C_LANGUAGE_STANDARD = gnu11;
				GCC_DYNAMIC_NO_PIC = NO;
				GCC_NO_COMMON_BLOCKS = YES;
				GCC_OPTIMIZATION_LEVEL = 0;
				GCC_PREPROCESSOR_DEFINITIONS = (
					"DEBUG=1",
					"$(inherited)",
				);
				GCC_WARN_64_TO_32_BIT_CONVERSION = YES;
				GCC_WARN_ABOUT_RETURN_TYPE = YES_ERROR;
				GCC_WARN_UNDECLARED_SELECTOR = YES;
				GCC_WARN_UNINITIALIZED_AUTOS = YES_AGGRESSIVE;
				GCC_WARN_UNUSED_FUNCTION = YES;
				GCC_WARN_UNUSED_VARIABLE = YES;
				IPHONEOS_DEPLOYMENT_TARGET = 16.4;
				MTL_ENABLE_DEBUG_INFO = INCLUDE_SOURCE;
				MTL_FAST_MATH = YES;
				ONLY_ACTIVE_ARCH = YES;
				SDKROOT = iphoneos;
				SWIFT_ACTIVE_COMPILATION_CONDITIONS = DEBUG;
				SWIFT_OPTIMIZATION_LEVEL = "-Onone";
			};
			name = Debug;
		};
		BBB8D39729E6030F008C8442 /* Release */ = {
			isa = XCBuildConfiguration;
			buildSettings = {
				ALWAYS_SEARCH_USER_PATHS = NO;
				CLANG_ANALYZER_NONNULL = YES;
				CLANG_ANALYZER_NUMBER_OBJECT_CONVERSION = YES_AGGRESSIVE;
				CLANG_CXX_LANGUAGE_STANDARD = "gnu++20";
				CLANG_ENABLE_MODULES = YES;
				CLANG_ENABLE_OBJC_ARC = YES;
				CLANG_ENABLE_OBJC_WEAK = YES;
				CLANG_WARN_BLOCK_CAPTURE_AUTORELEASING = YES;
				CLANG_WARN_BOOL_CONVERSION = YES;
				CLANG_WARN_COMMA = YES;
				CLANG_WARN_CONSTANT_CONVERSION = YES;
				CLANG_WARN_DEPRECATED_OBJC_IMPLEMENTATIONS = YES;
				CLANG_WARN_DIRECT_OBJC_ISA_USAGE = YES_ERROR;
				CLANG_WARN_DOCUMENTATION_COMMENTS = YES;
				CLANG_WARN_EMPTY_BODY = YES;
				CLANG_WARN_ENUM_CONVERSION = YES;
				CLANG_WARN_INFINITE_RECURSION = YES;
				CLANG_WARN_INT_CONVERSION = YES;
				CLANG_WARN_NON_LITERAL_NULL_CONVERSION = YES;
				CLANG_WARN_OBJC_IMPLICIT_RETAIN_SELF = YES;
				CLANG_WARN_OBJC_LITERAL_CONVERSION = YES;
				CLANG_WARN_OBJC_ROOT_CLASS = YES_ERROR;
				CLANG_WARN_QUOTED_INCLUDE_IN_FRAMEWORK_HEADER = YES;
				CLANG_WARN_RANGE_LOOP_ANALYSIS = YES;
				CLANG_WARN_STRICT_PROTOTYPES = YES;
				CLANG_WARN_SUSPICIOUS_MOVE = YES;
				CLANG_WARN_UNGUARDED_AVAILABILITY = YES_AGGRESSIVE;
				CLANG_WARN_UNREACHABLE_CODE = YES;
				CLANG_WARN__DUPLICATE_METHOD_MATCH = YES;
				COPY_PHASE_STRIP = NO;
				DEBUG_INFORMATION_FORMAT = "dwarf-with-dsym";
				ENABLE_NS_ASSERTIONS = NO;
				ENABLE_STRICT_OBJC_MSGSEND = YES;
				GCC_C_LANGUAGE_STANDARD = gnu11;
				GCC_NO_COMMON_BLOCKS = YES;
				GCC_WARN_64_TO_32_BIT_CONVERSION = YES;
				GCC_WARN_ABOUT_RETURN_TYPE = YES_ERROR;
				GCC_WARN_UNDECLARED_SELECTOR = YES;
				GCC_WARN_UNINITIALIZED_AUTOS = YES_AGGRESSIVE;
				GCC_WARN_UNUSED_FUNCTION = YES;
				GCC_WARN_UNUSED_VARIABLE = YES;
				IPHONEOS_DEPLOYMENT_TARGET = 16.4;
				MTL_ENABLE_DEBUG_INFO = NO;
				MTL_FAST_MATH = YES;
				SDKROOT = iphoneos;
				SWIFT_COMPILATION_MODE = wholemodule;
				SWIFT_OPTIMIZATION_LEVEL = "-O";
				VALIDATE_PRODUCT = YES;
			};
			name = Release;
		};
		BBB8D39929E6030F008C8442 /* Debug */ = {
			isa = XCBuildConfiguration;
			baseConfigurationReference = B7AF4011BB8193FC02E944A8 /* Pods-Reciplease.debug.xcconfig */;
			buildSettings = {
				ASSETCATALOG_COMPILER_APPICON_NAME = AppIcon;
				ASSETCATALOG_COMPILER_GLOBAL_ACCENT_COLOR_NAME = AccentColor;
				CODE_SIGN_STYLE = Automatic;
				CURRENT_PROJECT_VERSION = 1;
				DEVELOPMENT_ASSET_PATHS = "\"Reciplease/Preview Content\"";
				DEVELOPMENT_TEAM = RT62BPUMZ6;
				ENABLE_PREVIEWS = YES;
				GENERATE_INFOPLIST_FILE = YES;
				INFOPLIST_KEY_UIApplicationSceneManifest_Generation = YES;
				INFOPLIST_KEY_UIApplicationSupportsIndirectInputEvents = YES;
				INFOPLIST_KEY_UILaunchScreen_Generation = YES;
				INFOPLIST_KEY_UIRequiresFullScreen = YES;
				INFOPLIST_KEY_UISupportedInterfaceOrientations = UIInterfaceOrientationPortrait;
				IPHONEOS_DEPLOYMENT_TARGET = 16.0;
				LD_RUNPATH_SEARCH_PATHS = (
					"$(inherited)",
					"@executable_path/Frameworks",
				);
				MARKETING_VERSION = 1.0;
				PRODUCT_BUNDLE_IDENTIFIER = com.huguesfils.Reciplease;
				PRODUCT_NAME = "$(TARGET_NAME)";
				SWIFT_EMIT_LOC_STRINGS = YES;
				SWIFT_VERSION = 5.0;
				TARGETED_DEVICE_FAMILY = "1,2";
			};
			name = Debug;
		};
		BBB8D39A29E6030F008C8442 /* Release */ = {
			isa = XCBuildConfiguration;
			baseConfigurationReference = 355E516596EC70D7E53A4C29 /* Pods-Reciplease.release.xcconfig */;
			buildSettings = {
				ASSETCATALOG_COMPILER_APPICON_NAME = AppIcon;
				ASSETCATALOG_COMPILER_GLOBAL_ACCENT_COLOR_NAME = AccentColor;
				CODE_SIGN_STYLE = Automatic;
				CURRENT_PROJECT_VERSION = 1;
				DEVELOPMENT_ASSET_PATHS = "\"Reciplease/Preview Content\"";
				DEVELOPMENT_TEAM = RT62BPUMZ6;
				ENABLE_PREVIEWS = YES;
				GENERATE_INFOPLIST_FILE = YES;
				INFOPLIST_KEY_UIApplicationSceneManifest_Generation = YES;
				INFOPLIST_KEY_UIApplicationSupportsIndirectInputEvents = YES;
				INFOPLIST_KEY_UILaunchScreen_Generation = YES;
				INFOPLIST_KEY_UIRequiresFullScreen = YES;
				INFOPLIST_KEY_UISupportedInterfaceOrientations = UIInterfaceOrientationPortrait;
				IPHONEOS_DEPLOYMENT_TARGET = 16.0;
				LD_RUNPATH_SEARCH_PATHS = (
					"$(inherited)",
					"@executable_path/Frameworks",
				);
				MARKETING_VERSION = 1.0;
				PRODUCT_BUNDLE_IDENTIFIER = com.huguesfils.Reciplease;
				PRODUCT_NAME = "$(TARGET_NAME)";
				SWIFT_EMIT_LOC_STRINGS = YES;
				SWIFT_VERSION = 5.0;
				TARGETED_DEVICE_FAMILY = "1,2";
			};
			name = Release;
		};
/* End XCBuildConfiguration section */

/* Begin XCConfigurationList section */
		BBB8D38529E6030E008C8442 /* Build configuration list for PBXProject "Reciplease" */ = {
			isa = XCConfigurationList;
			buildConfigurations = (
				BBB8D39629E6030F008C8442 /* Debug */,
				BBB8D39729E6030F008C8442 /* Release */,
			);
			defaultConfigurationIsVisible = 0;
			defaultConfigurationName = Release;
		};
		BBB8D39829E6030F008C8442 /* Build configuration list for PBXNativeTarget "Reciplease" */ = {
			isa = XCConfigurationList;
			buildConfigurations = (
				BBB8D39929E6030F008C8442 /* Debug */,
				BBB8D39A29E6030F008C8442 /* Release */,
			);
			defaultConfigurationIsVisible = 0;
			defaultConfigurationName = Release;
		};
/* End XCConfigurationList section */
	};
	rootObject = BBB8D38229E6030E008C8442 /* Project object */;
}
