// !$*UTF8*$!
{
	archiveVersion = 1;
	classes = {
	};
	objectVersion = 56;
	objects = {

/* Begin PBXBuildFile section */
		BB2554E12AD038580099B5A4 /* DataController.swift in Sources */ = {isa = PBXBuildFile; fileRef = BB2554E02AD038580099B5A4 /* DataController.swift */; };
		BB2554E32AD03B780099B5A4 /* FavoritesView.swift in Sources */ = {isa = PBXBuildFile; fileRef = BB2554E22AD03B780099B5A4 /* FavoritesView.swift */; };
		BB2554E52AD03B950099B5A4 /* FavoritesViewModel.swift in Sources */ = {isa = PBXBuildFile; fileRef = BB2554E42AD03B950099B5A4 /* FavoritesViewModel.swift */; };
		BB50082D2AE16A0F004F0663 /* CoreDataTestStack.swift in Sources */ = {isa = PBXBuildFile; fileRef = BBB628112ADEE3F9004F785F /* CoreDataTestStack.swift */; };
		BBB628042ADEDA47004F785F /* ServiceTestCase.swift in Sources */ = {isa = PBXBuildFile; fileRef = BBB628032ADEDA47004F785F /* ServiceTestCase.swift */; };
		BBB628072ADEDDD1004F785F /* MockURLProtocol.swift in Sources */ = {isa = PBXBuildFile; fileRef = BBB628062ADEDDD1004F785F /* MockURLProtocol.swift */; };
		BBEFA68A2ACD4C440018C87A /* RecipleaseApp.swift in Sources */ = {isa = PBXBuildFile; fileRef = BBEFA6892ACD4C440018C87A /* RecipleaseApp.swift */; };
		BBEFA68C2ACD4C440018C87A /* ContentView.swift in Sources */ = {isa = PBXBuildFile; fileRef = BBEFA68B2ACD4C440018C87A /* ContentView.swift */; };
		BBEFA68E2ACD4C450018C87A /* Assets.xcassets in Resources */ = {isa = PBXBuildFile; fileRef = BBEFA68D2ACD4C450018C87A /* Assets.xcassets */; };
		BBEFA6912ACD4C450018C87A /* Preview Assets.xcassets in Resources */ = {isa = PBXBuildFile; fileRef = BBEFA6902ACD4C450018C87A /* Preview Assets.xcassets */; };
		BBEFA6962ACD4C450018C87A /* Reciplease.xcdatamodeld in Sources */ = {isa = PBXBuildFile; fileRef = BBEFA6942ACD4C450018C87A /* Reciplease.xcdatamodeld */; };
		BBEFA6A02ACD4C450018C87A /* DataControllerTestCase.swift in Sources */ = {isa = PBXBuildFile; fileRef = BBEFA69F2ACD4C450018C87A /* DataControllerTestCase.swift */; };
		BBEFA6B92ACD4D360018C87A /* TabBarView.swift in Sources */ = {isa = PBXBuildFile; fileRef = BBEFA6B82ACD4D360018C87A /* TabBarView.swift */; };
		BBEFA6BE2ACD4E480018C87A /* CoreDataStack.swift in Sources */ = {isa = PBXBuildFile; fileRef = BBEFA6BD2ACD4E480018C87A /* CoreDataStack.swift */; };
		BBEFA6C32ACD4F580018C87A /* SearchView.swift in Sources */ = {isa = PBXBuildFile; fileRef = BBEFA6C22ACD4F580018C87A /* SearchView.swift */; };
		BBEFA6C52ACD4F670018C87A /* SearchViewModel.swift in Sources */ = {isa = PBXBuildFile; fileRef = BBEFA6C42ACD4F670018C87A /* SearchViewModel.swift */; };
		BBEFA6CA2ACD542B0018C87A /* RecipiesListView.swift in Sources */ = {isa = PBXBuildFile; fileRef = BBEFA6C92ACD542B0018C87A /* RecipiesListView.swift */; };
		BBEFA6CC2ACD54960018C87A /* RecipiesListViewModel.swift in Sources */ = {isa = PBXBuildFile; fileRef = BBEFA6CB2ACD54960018C87A /* RecipiesListViewModel.swift */; };
		BBEFA6D02ACD5A6A0018C87A /* RecipeCardView.swift in Sources */ = {isa = PBXBuildFile; fileRef = BBEFA6CF2ACD5A6A0018C87A /* RecipeCardView.swift */; };
		BBEFA6D52ACD5AE50018C87A /* RecipeViewModel.swift in Sources */ = {isa = PBXBuildFile; fileRef = BBEFA6D42ACD5AE50018C87A /* RecipeViewModel.swift */; };
		BBEFA6D82ACD5BEF0018C87A /* Alamofire in Frameworks */ = {isa = PBXBuildFile; productRef = BBEFA6D72ACD5BEF0018C87A /* Alamofire */; };
		BBEFA6DB2ACD5C780018C87A /* APIData.swift in Sources */ = {isa = PBXBuildFile; fileRef = BBEFA6DA2ACD5C780018C87A /* APIData.swift */; };
		BBEFA6DD2ACD5F5A0018C87A /* Service.swift in Sources */ = {isa = PBXBuildFile; fileRef = BBEFA6DC2ACD5F5A0018C87A /* Service.swift */; };
		BBEFA6E12ACDA8660018C87A /* RecipeModel.swift in Sources */ = {isa = PBXBuildFile; fileRef = BBEFA6E02ACDA8660018C87A /* RecipeModel.swift */; };
		BBEFA6E62ACDB47C0018C87A /* RecipeDetailsView.swift in Sources */ = {isa = PBXBuildFile; fileRef = BBEFA6E52ACDB47C0018C87A /* RecipeDetailsView.swift */; };
/* End PBXBuildFile section */

/* Begin PBXContainerItemProxy section */
		BBEFA69C2ACD4C450018C87A /* PBXContainerItemProxy */ = {
			isa = PBXContainerItemProxy;
			containerPortal = BBEFA67E2ACD4C440018C87A /* Project object */;
			proxyType = 1;
			remoteGlobalIDString = BBEFA6852ACD4C440018C87A;
			remoteInfo = Reciplease;
		};
/* End PBXContainerItemProxy section */

/* Begin PBXFileReference section */
		BB2554E02AD038580099B5A4 /* DataController.swift */ = {isa = PBXFileReference; lastKnownFileType = sourcecode.swift; path = DataController.swift; sourceTree = "<group>"; };
		BB2554E22AD03B780099B5A4 /* FavoritesView.swift */ = {isa = PBXFileReference; lastKnownFileType = sourcecode.swift; path = FavoritesView.swift; sourceTree = "<group>"; };
		BB2554E42AD03B950099B5A4 /* FavoritesViewModel.swift */ = {isa = PBXFileReference; lastKnownFileType = sourcecode.swift; path = FavoritesViewModel.swift; sourceTree = "<group>"; };
		BBB628032ADEDA47004F785F /* ServiceTestCase.swift */ = {isa = PBXFileReference; lastKnownFileType = sourcecode.swift; path = ServiceTestCase.swift; sourceTree = "<group>"; };
		BBB628062ADEDDD1004F785F /* MockURLProtocol.swift */ = {isa = PBXFileReference; lastKnownFileType = sourcecode.swift; path = MockURLProtocol.swift; sourceTree = "<group>"; };
		BBB628112ADEE3F9004F785F /* CoreDataTestStack.swift */ = {isa = PBXFileReference; lastKnownFileType = sourcecode.swift; path = CoreDataTestStack.swift; sourceTree = "<group>"; };
		BBEFA6862ACD4C440018C87A /* Reciplease.app */ = {isa = PBXFileReference; explicitFileType = wrapper.application; includeInIndex = 0; path = Reciplease.app; sourceTree = BUILT_PRODUCTS_DIR; };
		BBEFA6892ACD4C440018C87A /* RecipleaseApp.swift */ = {isa = PBXFileReference; lastKnownFileType = sourcecode.swift; path = RecipleaseApp.swift; sourceTree = "<group>"; };
		BBEFA68B2ACD4C440018C87A /* ContentView.swift */ = {isa = PBXFileReference; lastKnownFileType = sourcecode.swift; path = ContentView.swift; sourceTree = "<group>"; };
		BBEFA68D2ACD4C450018C87A /* Assets.xcassets */ = {isa = PBXFileReference; lastKnownFileType = folder.assetcatalog; path = Assets.xcassets; sourceTree = "<group>"; };
		BBEFA6902ACD4C450018C87A /* Preview Assets.xcassets */ = {isa = PBXFileReference; lastKnownFileType = folder.assetcatalog; path = "Preview Assets.xcassets"; sourceTree = "<group>"; };
		BBEFA6952ACD4C450018C87A /* Reciplease.xcdatamodel */ = {isa = PBXFileReference; lastKnownFileType = wrapper.xcdatamodel; path = Reciplease.xcdatamodel; sourceTree = "<group>"; };
		BBEFA69B2ACD4C450018C87A /* RecipleaseTests.xctest */ = {isa = PBXFileReference; explicitFileType = wrapper.cfbundle; includeInIndex = 0; path = RecipleaseTests.xctest; sourceTree = BUILT_PRODUCTS_DIR; };
		BBEFA69F2ACD4C450018C87A /* DataControllerTestCase.swift */ = {isa = PBXFileReference; lastKnownFileType = sourcecode.swift; path = DataControllerTestCase.swift; sourceTree = "<group>"; };
		BBEFA6B82ACD4D360018C87A /* TabBarView.swift */ = {isa = PBXFileReference; lastKnownFileType = sourcecode.swift; path = TabBarView.swift; sourceTree = "<group>"; };
		BBEFA6BD2ACD4E480018C87A /* CoreDataStack.swift */ = {isa = PBXFileReference; lastKnownFileType = sourcecode.swift; path = CoreDataStack.swift; sourceTree = "<group>"; };
		BBEFA6C22ACD4F580018C87A /* SearchView.swift */ = {isa = PBXFileReference; lastKnownFileType = sourcecode.swift; path = SearchView.swift; sourceTree = "<group>"; };
		BBEFA6C42ACD4F670018C87A /* SearchViewModel.swift */ = {isa = PBXFileReference; lastKnownFileType = sourcecode.swift; path = SearchViewModel.swift; sourceTree = "<group>"; };
		BBEFA6C92ACD542B0018C87A /* RecipiesListView.swift */ = {isa = PBXFileReference; lastKnownFileType = sourcecode.swift; path = RecipiesListView.swift; sourceTree = "<group>"; };
		BBEFA6CB2ACD54960018C87A /* RecipiesListViewModel.swift */ = {isa = PBXFileReference; lastKnownFileType = sourcecode.swift; path = RecipiesListViewModel.swift; sourceTree = "<group>"; };
		BBEFA6CF2ACD5A6A0018C87A /* RecipeCardView.swift */ = {isa = PBXFileReference; lastKnownFileType = sourcecode.swift; path = RecipeCardView.swift; sourceTree = "<group>"; };
		BBEFA6D42ACD5AE50018C87A /* RecipeViewModel.swift */ = {isa = PBXFileReference; lastKnownFileType = sourcecode.swift; path = RecipeViewModel.swift; sourceTree = "<group>"; };
		BBEFA6DA2ACD5C780018C87A /* APIData.swift */ = {isa = PBXFileReference; lastKnownFileType = sourcecode.swift; path = APIData.swift; sourceTree = "<group>"; };
		BBEFA6DC2ACD5F5A0018C87A /* Service.swift */ = {isa = PBXFileReference; lastKnownFileType = sourcecode.swift; path = Service.swift; sourceTree = "<group>"; };
		BBEFA6E02ACDA8660018C87A /* RecipeModel.swift */ = {isa = PBXFileReference; lastKnownFileType = sourcecode.swift; path = RecipeModel.swift; sourceTree = "<group>"; };
		BBEFA6E52ACDB47C0018C87A /* RecipeDetailsView.swift */ = {isa = PBXFileReference; lastKnownFileType = sourcecode.swift; path = RecipeDetailsView.swift; sourceTree = "<group>"; };
/* End PBXFileReference section */

/* Begin PBXFrameworksBuildPhase section */
		BBEFA6832ACD4C440018C87A /* Frameworks */ = {
			isa = PBXFrameworksBuildPhase;
			buildActionMask = 2147483647;
			files = (
				BBEFA6D82ACD5BEF0018C87A /* Alamofire in Frameworks */,
			);
			runOnlyForDeploymentPostprocessing = 0;
		};
		BBEFA6982ACD4C450018C87A /* Frameworks */ = {
			isa = PBXFrameworksBuildPhase;
			buildActionMask = 2147483647;
			files = (
			);
			runOnlyForDeploymentPostprocessing = 0;
		};
/* End PBXFrameworksBuildPhase section */

/* Begin PBXGroup section */
		BBB628052ADEDDB5004F785F /* Service */ = {
			isa = PBXGroup;
			children = (
				BBB628062ADEDDD1004F785F /* MockURLProtocol.swift */,
				BBB628032ADEDA47004F785F /* ServiceTestCase.swift */,
			);
			path = Service;
			sourceTree = "<group>";
		};
		BBB628102ADEE3F3004F785F /* CoreData */ = {
			isa = PBXGroup;
			children = (
				BBEFA69F2ACD4C450018C87A /* DataControllerTestCase.swift */,
				BBB628112ADEE3F9004F785F /* CoreDataTestStack.swift */,
			);
			path = CoreData;
			sourceTree = "<group>";
		};
		BBEFA67D2ACD4C440018C87A = {
			isa = PBXGroup;
			children = (
				BBEFA6882ACD4C440018C87A /* Reciplease */,
				BBEFA69E2ACD4C450018C87A /* RecipleaseTests */,
				BBEFA6872ACD4C440018C87A /* Products */,
			);
			sourceTree = "<group>";
		};
		BBEFA6872ACD4C440018C87A /* Products */ = {
			isa = PBXGroup;
			children = (
				BBEFA6862ACD4C440018C87A /* Reciplease.app */,
				BBEFA69B2ACD4C450018C87A /* RecipleaseTests.xctest */,
			);
			name = Products;
			sourceTree = "<group>";
		};
		BBEFA6882ACD4C440018C87A /* Reciplease */ = {
			isa = PBXGroup;
			children = (
				BBEFA6892ACD4C440018C87A /* RecipleaseApp.swift */,
				BBEFA6BA2ACD4D770018C87A /* Views */,
				BBEFA6C12ACD4F480018C87A /* ViewModels */,
				BBEFA6DE2ACDA80B0018C87A /* Model */,
				BBEFA6BB2ACD4DA60018C87A /* SupportingFiles */,
				BBEFA68F2ACD4C450018C87A /* Preview Content */,
			);
			path = Reciplease;
			sourceTree = "<group>";
		};
		BBEFA68F2ACD4C450018C87A /* Preview Content */ = {
			isa = PBXGroup;
			children = (
				BBEFA6902ACD4C450018C87A /* Preview Assets.xcassets */,
			);
			path = "Preview Content";
			sourceTree = "<group>";
		};
		BBEFA69E2ACD4C450018C87A /* RecipleaseTests */ = {
			isa = PBXGroup;
			children = (
				BBB628102ADEE3F3004F785F /* CoreData */,
				BBB628052ADEDDB5004F785F /* Service */,
			);
			path = RecipleaseTests;
			sourceTree = "<group>";
		};
		BBEFA6BA2ACD4D770018C87A /* Views */ = {
			isa = PBXGroup;
			children = (
				BBEFA68B2ACD4C440018C87A /* ContentView.swift */,
				BBEFA6B82ACD4D360018C87A /* TabBarView.swift */,
				BBEFA6C22ACD4F580018C87A /* SearchView.swift */,
				BBEFA6C92ACD542B0018C87A /* RecipiesListView.swift */,
				BBEFA6E52ACDB47C0018C87A /* RecipeDetailsView.swift */,
				BBEFA6CF2ACD5A6A0018C87A /* RecipeCardView.swift */,
				BB2554E22AD03B780099B5A4 /* FavoritesView.swift */,
			);
			name = Views;
			path = Views/Views;
			sourceTree = "<group>";
		};
		BBEFA6BB2ACD4DA60018C87A /* SupportingFiles */ = {
			isa = PBXGroup;
			children = (
				BBEFA68D2ACD4C450018C87A /* Assets.xcassets */,
			);
			path = SupportingFiles;
			sourceTree = "<group>";
		};
		BBEFA6BC2ACD4DD50018C87A /* Storage */ = {
			isa = PBXGroup;
			children = (
				BBEFA6942ACD4C450018C87A /* Reciplease.xcdatamodeld */,
				BB2554E02AD038580099B5A4 /* DataController.swift */,
				BBEFA6BD2ACD4E480018C87A /* CoreDataStack.swift */,
			);
			path = Storage;
			sourceTree = "<group>";
		};
		BBEFA6C12ACD4F480018C87A /* ViewModels */ = {
			isa = PBXGroup;
			children = (
				BBEFA6C42ACD4F670018C87A /* SearchViewModel.swift */,
				BBEFA6CB2ACD54960018C87A /* RecipiesListViewModel.swift */,
				BBEFA6D42ACD5AE50018C87A /* RecipeViewModel.swift */,
				BB2554E42AD03B950099B5A4 /* FavoritesViewModel.swift */,
			);
			path = ViewModels;
			sourceTree = "<group>";
		};
		BBEFA6D92ACD5C2F0018C87A /* Network */ = {
			isa = PBXGroup;
			children = (
				BBEFA6DA2ACD5C780018C87A /* APIData.swift */,
				BBEFA6DC2ACD5F5A0018C87A /* Service.swift */,
			);
			path = Network;
			sourceTree = "<group>";
		};
		BBEFA6DE2ACDA80B0018C87A /* Model */ = {
			isa = PBXGroup;
			children = (
				BBEFA6DF2ACDA8500018C87A /* DataModel */,
				BBEFA6D92ACD5C2F0018C87A /* Network */,
				BBEFA6BC2ACD4DD50018C87A /* Storage */,
			);
			path = Model;
			sourceTree = "<group>";
		};
		BBEFA6DF2ACDA8500018C87A /* DataModel */ = {
			isa = PBXGroup;
			children = (
				BBEFA6E02ACDA8660018C87A /* RecipeModel.swift */,
			);
			path = DataModel;
			sourceTree = "<group>";
		};
/* End PBXGroup section */

/* Begin PBXNativeTarget section */
		BBEFA6852ACD4C440018C87A /* Reciplease */ = {
			isa = PBXNativeTarget;
			buildConfigurationList = BBEFA6AF2ACD4C450018C87A /* Build configuration list for PBXNativeTarget "Reciplease" */;
			buildPhases = (
				BBEFA6822ACD4C440018C87A /* Sources */,
				BBEFA6832ACD4C440018C87A /* Frameworks */,
				BBEFA6842ACD4C440018C87A /* Resources */,
			);
			buildRules = (
			);
			dependencies = (
			);
			name = Reciplease;
			packageProductDependencies = (
				BBEFA6D72ACD5BEF0018C87A /* Alamofire */,
			);
			productName = Reciplease;
			productReference = BBEFA6862ACD4C440018C87A /* Reciplease.app */;
			productType = "com.apple.product-type.application";
		};
		BBEFA69A2ACD4C450018C87A /* RecipleaseTests */ = {
			isa = PBXNativeTarget;
			buildConfigurationList = BBEFA6B22ACD4C450018C87A /* Build configuration list for PBXNativeTarget "RecipleaseTests" */;
			buildPhases = (
				BBEFA6972ACD4C450018C87A /* Sources */,
				BBEFA6982ACD4C450018C87A /* Frameworks */,
				BBEFA6992ACD4C450018C87A /* Resources */,
			);
			buildRules = (
			);
			dependencies = (
				BBEFA69D2ACD4C450018C87A /* PBXTargetDependency */,
			);
			name = RecipleaseTests;
			productName = RecipleaseTests;
			productReference = BBEFA69B2ACD4C450018C87A /* RecipleaseTests.xctest */;
			productType = "com.apple.product-type.bundle.unit-test";
		};
/* End PBXNativeTarget section */

/* Begin PBXProject section */
		BBEFA67E2ACD4C440018C87A /* Project object */ = {
			isa = PBXProject;
			attributes = {
				BuildIndependentTargetsInParallel = 1;
				LastSwiftUpdateCheck = 1500;
				LastUpgradeCheck = 1500;
				TargetAttributes = {
					BBEFA6852ACD4C440018C87A = {
						CreatedOnToolsVersion = 15.0;
					};
					BBEFA69A2ACD4C450018C87A = {
						CreatedOnToolsVersion = 15.0;
						TestTargetID = BBEFA6852ACD4C440018C87A;
					};
				};
			};
			buildConfigurationList = BBEFA6812ACD4C440018C87A /* Build configuration list for PBXProject "Reciplease" */;
			compatibilityVersion = "Xcode 14.0";
			developmentRegion = en;
			hasScannedForEncodings = 0;
			knownRegions = (
				en,
				Base,
			);
			mainGroup = BBEFA67D2ACD4C440018C87A;
			packageReferences = (
				BBEFA6D62ACD5BEF0018C87A /* XCRemoteSwiftPackageReference "Alamofire" */,
			);
			productRefGroup = BBEFA6872ACD4C440018C87A /* Products */;
			projectDirPath = "";
			projectRoot = "";
			targets = (
				BBEFA6852ACD4C440018C87A /* Reciplease */,
				BBEFA69A2ACD4C450018C87A /* RecipleaseTests */,
			);
		};
/* End PBXProject section */

/* Begin PBXResourcesBuildPhase section */
		BBEFA6842ACD4C440018C87A /* Resources */ = {
			isa = PBXResourcesBuildPhase;
			buildActionMask = 2147483647;
			files = (
				BBEFA6912ACD4C450018C87A /* Preview Assets.xcassets in Resources */,
				BBEFA68E2ACD4C450018C87A /* Assets.xcassets in Resources */,
			);
			runOnlyForDeploymentPostprocessing = 0;
		};
		BBEFA6992ACD4C450018C87A /* Resources */ = {
			isa = PBXResourcesBuildPhase;
			buildActionMask = 2147483647;
			files = (
			);
			runOnlyForDeploymentPostprocessing = 0;
		};
/* End PBXResourcesBuildPhase section */

/* Begin PBXSourcesBuildPhase section */
		BBEFA6822ACD4C440018C87A /* Sources */ = {
			isa = PBXSourcesBuildPhase;
			buildActionMask = 2147483647;
			files = (
				BBEFA6CC2ACD54960018C87A /* RecipiesListViewModel.swift in Sources */,
				BBEFA6DD2ACD5F5A0018C87A /* Service.swift in Sources */,
				BBEFA6BE2ACD4E480018C87A /* CoreDataStack.swift in Sources */,
				BBEFA6962ACD4C450018C87A /* Reciplease.xcdatamodeld in Sources */,
				BBEFA68C2ACD4C440018C87A /* ContentView.swift in Sources */,
				BBEFA6B92ACD4D360018C87A /* TabBarView.swift in Sources */,
				BBEFA6CA2ACD542B0018C87A /* RecipiesListView.swift in Sources */,
				BBEFA6E62ACDB47C0018C87A /* RecipeDetailsView.swift in Sources */,
				BBEFA6E12ACDA8660018C87A /* RecipeModel.swift in Sources */,
				BBEFA6D02ACD5A6A0018C87A /* RecipeCardView.swift in Sources */,
				BB2554E12AD038580099B5A4 /* DataController.swift in Sources */,
				BBEFA6D52ACD5AE50018C87A /* RecipeViewModel.swift in Sources */,
				BB2554E52AD03B950099B5A4 /* FavoritesViewModel.swift in Sources */,
				BBEFA6C32ACD4F580018C87A /* SearchView.swift in Sources */,
				BB2554E32AD03B780099B5A4 /* FavoritesView.swift in Sources */,
				BBEFA68A2ACD4C440018C87A /* RecipleaseApp.swift in Sources */,
				BBEFA6DB2ACD5C780018C87A /* APIData.swift in Sources */,
				BBEFA6C52ACD4F670018C87A /* SearchViewModel.swift in Sources */,
			);
			runOnlyForDeploymentPostprocessing = 0;
		};
		BBEFA6972ACD4C450018C87A /* Sources */ = {
			isa = PBXSourcesBuildPhase;
			buildActionMask = 2147483647;
			files = (
				BBEFA6A02ACD4C450018C87A /* DataControllerTestCase.swift in Sources */,
				BBB628042ADEDA47004F785F /* ServiceTestCase.swift in Sources */,
				BBB628072ADEDDD1004F785F /* MockURLProtocol.swift in Sources */,
				BB50082D2AE16A0F004F0663 /* CoreDataTestStack.swift in Sources */,
			);
			runOnlyForDeploymentPostprocessing = 0;
		};
/* End PBXSourcesBuildPhase section */

/* Begin PBXTargetDependency section */
		BBEFA69D2ACD4C450018C87A /* PBXTargetDependency */ = {
			isa = PBXTargetDependency;
			target = BBEFA6852ACD4C440018C87A /* Reciplease */;
			targetProxy = BBEFA69C2ACD4C450018C87A /* PBXContainerItemProxy */;
		};
/* End PBXTargetDependency section */

/* Begin XCBuildConfiguration section */
		BBEFA6AD2ACD4C450018C87A /* Debug */ = {
			isa = XCBuildConfiguration;
			buildSettings = {
				ALWAYS_SEARCH_USER_PATHS = NO;
				ASSETCATALOG_COMPILER_GENERATE_SWIFT_ASSET_SYMBOL_EXTENSIONS = YES;
				CLANG_ANALYZER_NONNULL = YES;
				CLANG_ANALYZER_NUMBER_OBJECT_CONVERSION = YES_AGGRESSIVE;
				CLANG_CXX_LANGUAGE_STANDARD = "gnu++20";
				CLANG_ENABLE_MODULES = YES;
				CLANG_ENABLE_OBJC_ARC = YES;
				CLANG_ENABLE_OBJC_WEAK = YES;
				CLANG_WARN_BLOCK_CAPTURE_AUTORELEASING = YES;
				CLANG_WARN_BOOL_CONVERSION = YES;
				CLANG_WARN_COMMA = YES;
				CLANG_WARN_CONSTANT_CONVERSION = YES;
				CLANG_WARN_DEPRECATED_OBJC_IMPLEMENTATIONS = YES;
				CLANG_WARN_DIRECT_OBJC_ISA_USAGE = YES_ERROR;
				CLANG_WARN_DOCUMENTATION_COMMENTS = YES;
				CLANG_WARN_EMPTY_BODY = YES;
				CLANG_WARN_ENUM_CONVERSION = YES;
				CLANG_WARN_INFINITE_RECURSION = YES;
				CLANG_WARN_INT_CONVERSION = YES;
				CLANG_WARN_NON_LITERAL_NULL_CONVERSION = YES;
				CLANG_WARN_OBJC_IMPLICIT_RETAIN_SELF = YES;
				CLANG_WARN_OBJC_LITERAL_CONVERSION = YES;
				CLANG_WARN_OBJC_ROOT_CLASS = YES_ERROR;
				CLANG_WARN_QUOTED_INCLUDE_IN_FRAMEWORK_HEADER = YES;
				CLANG_WARN_RANGE_LOOP_ANALYSIS = YES;
				CLANG_WARN_STRICT_PROTOTYPES = YES;
				CLANG_WARN_SUSPICIOUS_MOVE = YES;
				CLANG_WARN_UNGUARDED_AVAILABILITY = YES_AGGRESSIVE;
				CLANG_WARN_UNREACHABLE_CODE = YES;
				CLANG_WARN__DUPLICATE_METHOD_MATCH = YES;
				COPY_PHASE_STRIP = NO;
				DEBUG_INFORMATION_FORMAT = dwarf;
				ENABLE_STRICT_OBJC_MSGSEND = YES;
				ENABLE_TESTABILITY = YES;
				ENABLE_USER_SCRIPT_SANDBOXING = YES;
				GCC_C_LANGUAGE_STANDARD = gnu17;
				GCC_DYNAMIC_NO_PIC = NO;
				GCC_NO_COMMON_BLOCKS = YES;
				GCC_OPTIMIZATION_LEVEL = 0;
				GCC_PREPROCESSOR_DEFINITIONS = (
					"DEBUG=1",
					"$(inherited)",
				);
				GCC_WARN_64_TO_32_BIT_CONVERSION = YES;
				GCC_WARN_ABOUT_RETURN_TYPE = YES_ERROR;
				GCC_WARN_UNDECLARED_SELECTOR = YES;
				GCC_WARN_UNINITIALIZED_AUTOS = YES_AGGRESSIVE;
				GCC_WARN_UNUSED_FUNCTION = YES;
				GCC_WARN_UNUSED_VARIABLE = YES;
				IPHONEOS_DEPLOYMENT_TARGET = 17.0;
				LOCALIZATION_PREFERS_STRING_CATALOGS = YES;
				MTL_ENABLE_DEBUG_INFO = INCLUDE_SOURCE;
				MTL_FAST_MATH = YES;
				ONLY_ACTIVE_ARCH = YES;
				SDKROOT = iphoneos;
				SWIFT_ACTIVE_COMPILATION_CONDITIONS = "DEBUG $(inherited)";
				SWIFT_OPTIMIZATION_LEVEL = "-Onone";
			};
			name = Debug;
		};
		BBEFA6AE2ACD4C450018C87A /* Release */ = {
			isa = XCBuildConfiguration;
			buildSettings = {
				ALWAYS_SEARCH_USER_PATHS = NO;
				ASSETCATALOG_COMPILER_GENERATE_SWIFT_ASSET_SYMBOL_EXTENSIONS = YES;
				CLANG_ANALYZER_NONNULL = YES;
				CLANG_ANALYZER_NUMBER_OBJECT_CONVERSION = YES_AGGRESSIVE;
				CLANG_CXX_LANGUAGE_STANDARD = "gnu++20";
				CLANG_ENABLE_MODULES = YES;
				CLANG_ENABLE_OBJC_ARC = YES;
				CLANG_ENABLE_OBJC_WEAK = YES;
				CLANG_WARN_BLOCK_CAPTURE_AUTORELEASING = YES;
				CLANG_WARN_BOOL_CONVERSION = YES;
				CLANG_WARN_COMMA = YES;
				CLANG_WARN_CONSTANT_CONVERSION = YES;
				CLANG_WARN_DEPRECATED_OBJC_IMPLEMENTATIONS = YES;
				CLANG_WARN_DIRECT_OBJC_ISA_USAGE = YES_ERROR;
				CLANG_WARN_DOCUMENTATION_COMMENTS = YES;
				CLANG_WARN_EMPTY_BODY = YES;
				CLANG_WARN_ENUM_CONVERSION = YES;
				CLANG_WARN_INFINITE_RECURSION = YES;
				CLANG_WARN_INT_CONVERSION = YES;
				CLANG_WARN_NON_LITERAL_NULL_CONVERSION = YES;
				CLANG_WARN_OBJC_IMPLICIT_RETAIN_SELF = YES;
				CLANG_WARN_OBJC_LITERAL_CONVERSION = YES;
				CLANG_WARN_OBJC_ROOT_CLASS = YES_ERROR;
				CLANG_WARN_QUOTED_INCLUDE_IN_FRAMEWORK_HEADER = YES;
				CLANG_WARN_RANGE_LOOP_ANALYSIS = YES;
				CLANG_WARN_STRICT_PROTOTYPES = YES;
				CLANG_WARN_SUSPICIOUS_MOVE = YES;
				CLANG_WARN_UNGUARDED_AVAILABILITY = YES_AGGRESSIVE;
				CLANG_WARN_UNREACHABLE_CODE = YES;
				CLANG_WARN__DUPLICATE_METHOD_MATCH = YES;
				COPY_PHASE_STRIP = NO;
				DEBUG_INFORMATION_FORMAT = "dwarf-with-dsym";
				ENABLE_NS_ASSERTIONS = NO;
				ENABLE_STRICT_OBJC_MSGSEND = YES;
				ENABLE_USER_SCRIPT_SANDBOXING = YES;
				GCC_C_LANGUAGE_STANDARD = gnu17;
				GCC_NO_COMMON_BLOCKS = YES;
				GCC_WARN_64_TO_32_BIT_CONVERSION = YES;
				GCC_WARN_ABOUT_RETURN_TYPE = YES_ERROR;
				GCC_WARN_UNDECLARED_SELECTOR = YES;
				GCC_WARN_UNINITIALIZED_AUTOS = YES_AGGRESSIVE;
				GCC_WARN_UNUSED_FUNCTION = YES;
				GCC_WARN_UNUSED_VARIABLE = YES;
				IPHONEOS_DEPLOYMENT_TARGET = 17.0;
				LOCALIZATION_PREFERS_STRING_CATALOGS = YES;
				MTL_ENABLE_DEBUG_INFO = NO;
				MTL_FAST_MATH = YES;
				SDKROOT = iphoneos;
				SWIFT_COMPILATION_MODE = wholemodule;
				VALIDATE_PRODUCT = YES;
			};
			name = Release;
		};
		BBEFA6B02ACD4C450018C87A /* Debug */ = {
			isa = XCBuildConfiguration;
			buildSettings = {
				ASSETCATALOG_COMPILER_APPICON_NAME = AppIcon;
				ASSETCATALOG_COMPILER_GLOBAL_ACCENT_COLOR_NAME = AccentColor;
				CODE_SIGN_STYLE = Automatic;
				CURRENT_PROJECT_VERSION = 1;
				DEVELOPMENT_ASSET_PATHS = "\"Reciplease/Preview Content\"";
				DEVELOPMENT_TEAM = RT62BPUMZ6;
				ENABLE_PREVIEWS = YES;
				GENERATE_INFOPLIST_FILE = YES;
				INFOPLIST_KEY_CFBundleDisplayName = Reciplease;
				INFOPLIST_KEY_LSApplicationCategoryType = "public.app-category.food-and-drink";
				INFOPLIST_KEY_UIApplicationSceneManifest_Generation = YES;
				INFOPLIST_KEY_UIApplicationSupportsIndirectInputEvents = YES;
				INFOPLIST_KEY_UILaunchScreen_Generation = YES;
				INFOPLIST_KEY_UIRequiresFullScreen = YES;
				INFOPLIST_KEY_UISupportedInterfaceOrientations = UIInterfaceOrientationPortrait;
				IPHONEOS_DEPLOYMENT_TARGET = 16.0;
				LD_RUNPATH_SEARCH_PATHS = (
					"$(inherited)",
					"@executable_path/Frameworks",
				);
				MARKETING_VERSION = 1.0;
				PRODUCT_BUNDLE_IDENTIFIER = com.huguesfils.Reciplease;
				PRODUCT_NAME = "$(TARGET_NAME)";
				SWIFT_EMIT_LOC_STRINGS = YES;
				SWIFT_VERSION = 5.0;
				TARGETED_DEVICE_FAMILY = "1,2";
			};
			name = Debug;
		};
		BBEFA6B12ACD4C450018C87A /* Release */ = {
			isa = XCBuildConfiguration;
			buildSettings = {
				ASSETCATALOG_COMPILER_APPICON_NAME = AppIcon;
				ASSETCATALOG_COMPILER_GLOBAL_ACCENT_COLOR_NAME = AccentColor;
				CODE_SIGN_STYLE = Automatic;
				CURRENT_PROJECT_VERSION = 1;
				DEVELOPMENT_ASSET_PATHS = "\"Reciplease/Preview Content\"";
				DEVELOPMENT_TEAM = RT62BPUMZ6;
				ENABLE_PREVIEWS = YES;
				GENERATE_INFOPLIST_FILE = YES;
				INFOPLIST_KEY_CFBundleDisplayName = Reciplease;
				INFOPLIST_KEY_LSApplicationCategoryType = "public.app-category.food-and-drink";
				INFOPLIST_KEY_UIApplicationSceneManifest_Generation = YES;
				INFOPLIST_KEY_UIApplicationSupportsIndirectInputEvents = YES;
				INFOPLIST_KEY_UILaunchScreen_Generation = YES;
				INFOPLIST_KEY_UIRequiresFullScreen = YES;
				INFOPLIST_KEY_UISupportedInterfaceOrientations = UIInterfaceOrientationPortrait;
				IPHONEOS_DEPLOYMENT_TARGET = 16.0;
				LD_RUNPATH_SEARCH_PATHS = (
					"$(inherited)",
					"@executable_path/Frameworks",
				);
				MARKETING_VERSION = 1.0;
				PRODUCT_BUNDLE_IDENTIFIER = com.huguesfils.Reciplease;
				PRODUCT_NAME = "$(TARGET_NAME)";
				SWIFT_EMIT_LOC_STRINGS = YES;
				SWIFT_VERSION = 5.0;
				TARGETED_DEVICE_FAMILY = "1,2";
			};
			name = Release;
		};
		BBEFA6B32ACD4C450018C87A /* Debug */ = {
			isa = XCBuildConfiguration;
			buildSettings = {
				ALWAYS_EMBED_SWIFT_STANDARD_LIBRARIES = YES;
				BUNDLE_LOADER = "$(TEST_HOST)";
				CODE_SIGN_STYLE = Automatic;
				CURRENT_PROJECT_VERSION = 1;
				DEVELOPMENT_TEAM = RT62BPUMZ6;
				GENERATE_INFOPLIST_FILE = YES;
				IPHONEOS_DEPLOYMENT_TARGET = 16.0;
				MARKETING_VERSION = 1.0;
				PRODUCT_BUNDLE_IDENTIFIER = com.huguesfils.RecipleaseTests;
				PRODUCT_NAME = "$(TARGET_NAME)";
				SWIFT_EMIT_LOC_STRINGS = NO;
				SWIFT_VERSION = 5.0;
				TARGETED_DEVICE_FAMILY = "1,2";
				TEST_HOST = "$(BUILT_PRODUCTS_DIR)/Reciplease.app/$(BUNDLE_EXECUTABLE_FOLDER_PATH)/Reciplease";
			};
			name = Debug;
		};
		BBEFA6B42ACD4C450018C87A /* Release */ = {
			isa = XCBuildConfiguration;
			buildSettings = {
				ALWAYS_EMBED_SWIFT_STANDARD_LIBRARIES = YES;
				BUNDLE_LOADER = "$(TEST_HOST)";
				CODE_SIGN_STYLE = Automatic;
				CURRENT_PROJECT_VERSION = 1;
				DEVELOPMENT_TEAM = RT62BPUMZ6;
				GENERATE_INFOPLIST_FILE = YES;
				IPHONEOS_DEPLOYMENT_TARGET = 16.0;
				MARKETING_VERSION = 1.0;
				PRODUCT_BUNDLE_IDENTIFIER = com.huguesfils.RecipleaseTests;
				PRODUCT_NAME = "$(TARGET_NAME)";
				SWIFT_EMIT_LOC_STRINGS = NO;
				SWIFT_VERSION = 5.0;
				TARGETED_DEVICE_FAMILY = "1,2";
				TEST_HOST = "$(BUILT_PRODUCTS_DIR)/Reciplease.app/$(BUNDLE_EXECUTABLE_FOLDER_PATH)/Reciplease";
			};
			name = Release;
		};
/* End XCBuildConfiguration section */

/* Begin XCConfigurationList section */
		BBEFA6812ACD4C440018C87A /* Build configuration list for PBXProject "Reciplease" */ = {
			isa = XCConfigurationList;
			buildConfigurations = (
				BBEFA6AD2ACD4C450018C87A /* Debug */,
				BBEFA6AE2ACD4C450018C87A /* Release */,
			);
			defaultConfigurationIsVisible = 0;
			defaultConfigurationName = Release;
		};
		BBEFA6AF2ACD4C450018C87A /* Build configuration list for PBXNativeTarget "Reciplease" */ = {
			isa = XCConfigurationList;
			buildConfigurations = (
				BBEFA6B02ACD4C450018C87A /* Debug */,
				BBEFA6B12ACD4C450018C87A /* Release */,
			);
			defaultConfigurationIsVisible = 0;
			defaultConfigurationName = Release;
		};
		BBEFA6B22ACD4C450018C87A /* Build configuration list for PBXNativeTarget "RecipleaseTests" */ = {
			isa = XCConfigurationList;
			buildConfigurations = (
				BBEFA6B32ACD4C450018C87A /* Debug */,
				BBEFA6B42ACD4C450018C87A /* Release */,
			);
			defaultConfigurationIsVisible = 0;
			defaultConfigurationName = Release;
		};
/* End XCConfigurationList section */

/* Begin XCRemoteSwiftPackageReference section */
		BBEFA6D62ACD5BEF0018C87A /* XCRemoteSwiftPackageReference "Alamofire" */ = {
			isa = XCRemoteSwiftPackageReference;
			repositoryURL = "https://github.com/Alamofire/Alamofire";
			requirement = {
				kind = upToNextMajorVersion;
				minimumVersion = 5.8.0;
			};
		};
/* End XCRemoteSwiftPackageReference section */

/* Begin XCSwiftPackageProductDependency section */
		BBEFA6D72ACD5BEF0018C87A /* Alamofire */ = {
			isa = XCSwiftPackageProductDependency;
			package = BBEFA6D62ACD5BEF0018C87A /* XCRemoteSwiftPackageReference "Alamofire" */;
			productName = Alamofire;
		};
/* End XCSwiftPackageProductDependency section */

/* Begin XCVersionGroup section */
		BBEFA6942ACD4C450018C87A /* Reciplease.xcdatamodeld */ = {
			isa = XCVersionGroup;
			children = (
				BBEFA6952ACD4C450018C87A /* Reciplease.xcdatamodel */,
			);
			currentVersion = BBEFA6952ACD4C450018C87A /* Reciplease.xcdatamodel */;
			path = Reciplease.xcdatamodeld;
			sourceTree = "<group>";
			versionGroupType = wrapper.xcdatamodel;
		};
/* End XCVersionGroup section */
	};
	rootObject = BBEFA67E2ACD4C440018C87A /* Project object */;
}
